// !$*UTF8*$!
{
	archiveVersion = 1;
	classes = {
	};
	objectVersion = 46;
	objects = {

/* Begin PBXBuildFile section */
		4F52B3E518DFBE0100323136 /* Foundation.framework in Frameworks */ = {isa = PBXBuildFile; fileRef = 4F52B3E418DFBE0100323136 /* Foundation.framework */; };
		4F52B3E718DFBE0100323136 /* CoreGraphics.framework in Frameworks */ = {isa = PBXBuildFile; fileRef = 4F52B3E618DFBE0100323136 /* CoreGraphics.framework */; };
		4F52B3E918DFBE0100323136 /* UIKit.framework in Frameworks */ = {isa = PBXBuildFile; fileRef = 4F52B3E818DFBE0100323136 /* UIKit.framework */; };
		4F52B3EF18DFBE0100323136 /* InfoPlist.strings in Resources */ = {isa = PBXBuildFile; fileRef = 4F52B3ED18DFBE0100323136 /* InfoPlist.strings */; };
		4F52B3F118DFBE0100323136 /* main.m in Sources */ = {isa = PBXBuildFile; fileRef = 4F52B3F018DFBE0100323136 /* main.m */; };
		4F52B3F518DFBE0100323136 /* AppDelegate.m in Sources */ = {isa = PBXBuildFile; fileRef = 4F52B3F418DFBE0100323136 /* AppDelegate.m */; };
		4F52B3F818DFBE0100323136 /* Main_iPhone.storyboard in Resources */ = {isa = PBXBuildFile; fileRef = 4F52B3F618DFBE0100323136 /* Main_iPhone.storyboard */; };
		4F52B3FB18DFBE0100323136 /* Main_iPad.storyboard in Resources */ = {isa = PBXBuildFile; fileRef = 4F52B3F918DFBE0100323136 /* Main_iPad.storyboard */; };
		4F52B3FE18DFBE0100323136 /* ViewController.m in Sources */ = {isa = PBXBuildFile; fileRef = 4F52B3FD18DFBE0100323136 /* ViewController.m */; };
		4F52B40018DFBE0100323136 /* Images.xcassets in Resources */ = {isa = PBXBuildFile; fileRef = 4F52B3FF18DFBE0100323136 /* Images.xcassets */; };
		4F52B40718DFBE0100323136 /* XCTest.framework in Frameworks */ = {isa = PBXBuildFile; fileRef = 4F52B40618DFBE0100323136 /* XCTest.framework */; };
		4F52B40818DFBE0100323136 /* Foundation.framework in Frameworks */ = {isa = PBXBuildFile; fileRef = 4F52B3E418DFBE0100323136 /* Foundation.framework */; };
		4F52B40918DFBE0100323136 /* UIKit.framework in Frameworks */ = {isa = PBXBuildFile; fileRef = 4F52B3E818DFBE0100323136 /* UIKit.framework */; };
		4F52B41118DFBE0100323136 /* InfoPlist.strings in Resources */ = {isa = PBXBuildFile; fileRef = 4F52B40F18DFBE0100323136 /* InfoPlist.strings */; };
		4F52B41318DFBE0100323136 /* CacheDemoTests.m in Sources */ = {isa = PBXBuildFile; fileRef = 4F52B41218DFBE0100323136 /* CacheDemoTests.m */; };
		4F52B41E18DFBE2100323136 /* ZTCache.m in Sources */ = {isa = PBXBuildFile; fileRef = 4F52B41D18DFBE2100323136 /* ZTCache.m */; };
		4F52B42118DFC33300323136 /* NSString+MD5.m in Sources */ = {isa = PBXBuildFile; fileRef = 4F52B42018DFC33300323136 /* NSString+MD5.m */; };
		4F52B42418DFCCFC00323136 /* img_def.png in Resources */ = {isa = PBXBuildFile; fileRef = 4F52B42218DFCCFC00323136 /* img_def.png */; };
		4F52B42518DFCCFC00323136 /* img_def@2x.png in Resources */ = {isa = PBXBuildFile; fileRef = 4F52B42318DFCCFC00323136 /* img_def@2x.png */; };
/* End PBXBuildFile section */

/* Begin PBXContainerItemProxy section */
		4F52B40A18DFBE0100323136 /* PBXContainerItemProxy */ = {
			isa = PBXContainerItemProxy;
			containerPortal = 4F52B3D918DFBE0100323136 /* Project object */;
			proxyType = 1;
			remoteGlobalIDString = 4F52B3E018DFBE0100323136;
			remoteInfo = CacheDemo;
		};
/* End PBXContainerItemProxy section */

/* Begin PBXFileReference section */
		4F52B3E118DFBE0100323136 /* CacheDemo.app */ = {isa = PBXFileReference; explicitFileType = wrapper.application; includeInIndex = 0; path = CacheDemo.app; sourceTree = BUILT_PRODUCTS_DIR; };
		4F52B3E418DFBE0100323136 /* Foundation.framework */ = {isa = PBXFileReference; lastKnownFileType = wrapper.framework; name = Foundation.framework; path = System/Library/Frameworks/Foundation.framework; sourceTree = SDKROOT; };
		4F52B3E618DFBE0100323136 /* CoreGraphics.framework */ = {isa = PBXFileReference; lastKnownFileType = wrapper.framework; name = CoreGraphics.framework; path = System/Library/Frameworks/CoreGraphics.framework; sourceTree = SDKROOT; };
		4F52B3E818DFBE0100323136 /* UIKit.framework */ = {isa = PBXFileReference; lastKnownFileType = wrapper.framework; name = UIKit.framework; path = System/Library/Frameworks/UIKit.framework; sourceTree = SDKROOT; };
		4F52B3EC18DFBE0100323136 /* CacheDemo-Info.plist */ = {isa = PBXFileReference; lastKnownFileType = text.plist.xml; path = "CacheDemo-Info.plist"; sourceTree = "<group>"; };
		4F52B3EE18DFBE0100323136 /* en */ = {isa = PBXFileReference; lastKnownFileType = text.plist.strings; name = en; path = en.lproj/InfoPlist.strings; sourceTree = "<group>"; };
		4F52B3F018DFBE0100323136 /* main.m */ = {isa = PBXFileReference; lastKnownFileType = sourcecode.c.objc; path = main.m; sourceTree = "<group>"; };
		4F52B3F218DFBE0100323136 /* CacheDemo-Prefix.pch */ = {isa = PBXFileReference; lastKnownFileType = sourcecode.c.h; path = "CacheDemo-Prefix.pch"; sourceTree = "<group>"; };
		4F52B3F318DFBE0100323136 /* AppDelegate.h */ = {isa = PBXFileReference; lastKnownFileType = sourcecode.c.h; path = AppDelegate.h; sourceTree = "<group>"; };
		4F52B3F418DFBE0100323136 /* AppDelegate.m */ = {isa = PBXFileReference; lastKnownFileType = sourcecode.c.objc; path = AppDelegate.m; sourceTree = "<group>"; };
		4F52B3F718DFBE0100323136 /* Base */ = {isa = PBXFileReference; lastKnownFileType = file.storyboard; name = Base; path = Base.lproj/Main_iPhone.storyboard; sourceTree = "<group>"; };
		4F52B3FA18DFBE0100323136 /* Base */ = {isa = PBXFileReference; lastKnownFileType = file.storyboard; name = Base; path = Base.lproj/Main_iPad.storyboard; sourceTree = "<group>"; };
		4F52B3FC18DFBE0100323136 /* ViewController.h */ = {isa = PBXFileReference; lastKnownFileType = sourcecode.c.h; path = ViewController.h; sourceTree = "<group>"; };
		4F52B3FD18DFBE0100323136 /* ViewController.m */ = {isa = PBXFileReference; lastKnownFileType = sourcecode.c.objc; path = ViewController.m; sourceTree = "<group>"; };
		4F52B3FF18DFBE0100323136 /* Images.xcassets */ = {isa = PBXFileReference; lastKnownFileType = folder.assetcatalog; path = Images.xcassets; sourceTree = "<group>"; };
		4F52B40518DFBE0100323136 /* CacheDemoTests.xctest */ = {isa = PBXFileReference; explicitFileType = wrapper.cfbundle; includeInIndex = 0; path = CacheDemoTests.xctest; sourceTree = BUILT_PRODUCTS_DIR; };
		4F52B40618DFBE0100323136 /* XCTest.framework */ = {isa = PBXFileReference; lastKnownFileType = wrapper.framework; name = XCTest.framework; path = Library/Frameworks/XCTest.framework; sourceTree = DEVELOPER_DIR; };
		4F52B40E18DFBE0100323136 /* CacheDemoTests-Info.plist */ = {isa = PBXFileReference; lastKnownFileType = text.plist.xml; path = "CacheDemoTests-Info.plist"; sourceTree = "<group>"; };
		4F52B41018DFBE0100323136 /* en */ = {isa = PBXFileReference; lastKnownFileType = text.plist.strings; name = en; path = en.lproj/InfoPlist.strings; sourceTree = "<group>"; };
		4F52B41218DFBE0100323136 /* CacheDemoTests.m */ = {isa = PBXFileReference; lastKnownFileType = sourcecode.c.objc; path = CacheDemoTests.m; sourceTree = "<group>"; };
		4F52B41C18DFBE2100323136 /* ZTCache.h */ = {isa = PBXFileReference; fileEncoding = 4; lastKnownFileType = sourcecode.c.h; path = ZTCache.h; sourceTree = "<group>"; };
		4F52B41D18DFBE2100323136 /* ZTCache.m */ = {isa = PBXFileReference; fileEncoding = 4; lastKnownFileType = sourcecode.c.objc; path = ZTCache.m; sourceTree = "<group>"; };
		4F52B41F18DFC33300323136 /* NSString+MD5.h */ = {isa = PBXFileReference; fileEncoding = 4; lastKnownFileType = sourcecode.c.h; path = "NSString+MD5.h"; sourceTree = "<group>"; };
		4F52B42018DFC33300323136 /* NSString+MD5.m */ = {isa = PBXFileReference; fileEncoding = 4; lastKnownFileType = sourcecode.c.objc; path = "NSString+MD5.m"; sourceTree = "<group>"; };
		4F52B42218DFCCFC00323136 /* img_def.png */ = {isa = PBXFileReference; lastKnownFileType = image.png; path = img_def.png; sourceTree = "<group>"; };
		4F52B42318DFCCFC00323136 /* img_def@2x.png */ = {isa = PBXFileReference; lastKnownFileType = image.png; path = "img_def@2x.png"; sourceTree = "<group>"; };
/* End PBXFileReference section */

/* Begin PBXFrameworksBuildPhase section */
		4F52B3DE18DFBE0100323136 /* Frameworks */ = {
			isa = PBXFrameworksBuildPhase;
			buildActionMask = 2147483647;
			files = (
				4F52B3E718DFBE0100323136 /* CoreGraphics.framework in Frameworks */,
				4F52B3E918DFBE0100323136 /* UIKit.framework in Frameworks */,
				4F52B3E518DFBE0100323136 /* Foundation.framework in Frameworks */,
			);
			runOnlyForDeploymentPostprocessing = 0;
		};
		4F52B40218DFBE0100323136 /* Frameworks */ = {
			isa = PBXFrameworksBuildPhase;
			buildActionMask = 2147483647;
			files = (
				4F52B40718DFBE0100323136 /* XCTest.framework in Frameworks */,
				4F52B40918DFBE0100323136 /* UIKit.framework in Frameworks */,
				4F52B40818DFBE0100323136 /* Foundation.framework in Frameworks */,
			);
			runOnlyForDeploymentPostprocessing = 0;
		};
/* End PBXFrameworksBuildPhase section */

/* Begin PBXGroup section */
		4F52B3D818DFBE0100323136 = {
			isa = PBXGroup;
			children = (
				4F52B3EA18DFBE0100323136 /* CacheDemo */,
				4F52B40C18DFBE0100323136 /* CacheDemoTests */,
				4F52B3E318DFBE0100323136 /* Frameworks */,
				4F52B3E218DFBE0100323136 /* Products */,
			);
			sourceTree = "<group>";
		};
		4F52B3E218DFBE0100323136 /* Products */ = {
			isa = PBXGroup;
			children = (
				4F52B3E118DFBE0100323136 /* CacheDemo.app */,
				4F52B40518DFBE0100323136 /* CacheDemoTests.xctest */,
			);
			name = Products;
			sourceTree = "<group>";
		};
		4F52B3E318DFBE0100323136 /* Frameworks */ = {
			isa = PBXGroup;
			children = (
				4F52B3E418DFBE0100323136 /* Foundation.framework */,
				4F52B3E618DFBE0100323136 /* CoreGraphics.framework */,
				4F52B3E818DFBE0100323136 /* UIKit.framework */,
				4F52B40618DFBE0100323136 /* XCTest.framework */,
			);
			name = Frameworks;
			sourceTree = "<group>";
		};
		4F52B3EA18DFBE0100323136 /* CacheDemo */ = {
			isa = PBXGroup;
			children = (
				4F52B3F318DFBE0100323136 /* AppDelegate.h */,
				4F52B3F418DFBE0100323136 /* AppDelegate.m */,
				4F52B3F618DFBE0100323136 /* Main_iPhone.storyboard */,
				4F52B3F918DFBE0100323136 /* Main_iPad.storyboard */,
				4F52B3FC18DFBE0100323136 /* ViewController.h */,
				4F52B3FD18DFBE0100323136 /* ViewController.m */,
				4F52B41F18DFC33300323136 /* NSString+MD5.h */,
				4F52B42018DFC33300323136 /* NSString+MD5.m */,
				4F52B41C18DFBE2100323136 /* ZTCache.h */,
				4F52B41D18DFBE2100323136 /* ZTCache.m */,
				4F52B3FF18DFBE0100323136 /* Images.xcassets */,
				4F52B3EB18DFBE0100323136 /* Supporting Files */,
			);
			path = CacheDemo;
			sourceTree = "<group>";
		};
		4F52B3EB18DFBE0100323136 /* Supporting Files */ = {
			isa = PBXGroup;
			children = (
				4F52B42218DFCCFC00323136 /* img_def.png */,
				4F52B42318DFCCFC00323136 /* img_def@2x.png */,
				4F52B3EC18DFBE0100323136 /* CacheDemo-Info.plist */,
				4F52B3ED18DFBE0100323136 /* InfoPlist.strings */,
				4F52B3F018DFBE0100323136 /* main.m */,
				4F52B3F218DFBE0100323136 /* CacheDemo-Prefix.pch */,
			);
			name = "Supporting Files";
			sourceTree = "<group>";
		};
		4F52B40C18DFBE0100323136 /* CacheDemoTests */ = {
			isa = PBXGroup;
			children = (
				4F52B41218DFBE0100323136 /* CacheDemoTests.m */,
				4F52B40D18DFBE0100323136 /* Supporting Files */,
			);
			path = CacheDemoTests;
			sourceTree = "<group>";
		};
		4F52B40D18DFBE0100323136 /* Supporting Files */ = {
			isa = PBXGroup;
			children = (
				4F52B40E18DFBE0100323136 /* CacheDemoTests-Info.plist */,
				4F52B40F18DFBE0100323136 /* InfoPlist.strings */,
			);
			name = "Supporting Files";
			sourceTree = "<group>";
		};
/* End PBXGroup section */

/* Begin PBXNativeTarget section */
		4F52B3E018DFBE0100323136 /* CacheDemo */ = {
			isa = PBXNativeTarget;
			buildConfigurationList = 4F52B41618DFBE0100323136 /* Build configuration list for PBXNativeTarget "CacheDemo" */;
			buildPhases = (
				4F52B3DD18DFBE0100323136 /* Sources */,
				4F52B3DE18DFBE0100323136 /* Frameworks */,
				4F52B3DF18DFBE0100323136 /* Resources */,
			);
			buildRules = (
			);
			dependencies = (
			);
			name = CacheDemo;
			productName = CacheDemo;
			productReference = 4F52B3E118DFBE0100323136 /* CacheDemo.app */;
			productType = "com.apple.product-type.application";
		};
		4F52B40418DFBE0100323136 /* CacheDemoTests */ = {
			isa = PBXNativeTarget;
			buildConfigurationList = 4F52B41918DFBE0100323136 /* Build configuration list for PBXNativeTarget "CacheDemoTests" */;
			buildPhases = (
				4F52B40118DFBE0100323136 /* Sources */,
				4F52B40218DFBE0100323136 /* Frameworks */,
				4F52B40318DFBE0100323136 /* Resources */,
			);
			buildRules = (
			);
			dependencies = (
				4F52B40B18DFBE0100323136 /* PBXTargetDependency */,
			);
			name = CacheDemoTests;
			productName = CacheDemoTests;
			productReference = 4F52B40518DFBE0100323136 /* CacheDemoTests.xctest */;
			productType = "com.apple.product-type.bundle.unit-test";
		};
/* End PBXNativeTarget section */

/* Begin PBXProject section */
		4F52B3D918DFBE0100323136 /* Project object */ = {
			isa = PBXProject;
			attributes = {
				LastUpgradeCheck = 0510;
				ORGANIZATIONNAME = "翟涛";
				TargetAttributes = {
					4F52B40418DFBE0100323136 = {
						TestTargetID = 4F52B3E018DFBE0100323136;
					};
				};
			};
			buildConfigurationList = 4F52B3DC18DFBE0100323136 /* Build configuration list for PBXProject "CacheDemo" */;
			compatibilityVersion = "Xcode 3.2";
			developmentRegion = English;
			hasScannedForEncodings = 0;
			knownRegions = (
				en,
				Base,
			);
			mainGroup = 4F52B3D818DFBE0100323136;
			productRefGroup = 4F52B3E218DFBE0100323136 /* Products */;
			projectDirPath = "";
			projectRoot = "";
			targets = (
				4F52B3E018DFBE0100323136 /* CacheDemo */,
				4F52B40418DFBE0100323136 /* CacheDemoTests */,
			);
		};
/* End PBXProject section */

/* Begin PBXResourcesBuildPhase section */
		4F52B3DF18DFBE0100323136 /* Resources */ = {
			isa = PBXResourcesBuildPhase;
			buildActionMask = 2147483647;
			files = (
				4F52B3FB18DFBE0100323136 /* Main_iPad.storyboard in Resources */,
				4F52B40018DFBE0100323136 /* Images.xcassets in Resources */,
				4F52B42518DFCCFC00323136 /* img_def@2x.png in Resources */,
				4F52B3F818DFBE0100323136 /* Main_iPhone.storyboard in Resources */,
				4F52B3EF18DFBE0100323136 /* InfoPlist.strings in Resources */,
				4F52B42418DFCCFC00323136 /* img_def.png in Resources */,
			);
			runOnlyForDeploymentPostprocessing = 0;
		};
		4F52B40318DFBE0100323136 /* Resources */ = {
			isa = PBXResourcesBuildPhase;
			buildActionMask = 2147483647;
			files = (
				4F52B41118DFBE0100323136 /* InfoPlist.strings in Resources */,
			);
			runOnlyForDeploymentPostprocessing = 0;
		};
/* End PBXResourcesBuildPhase section */

/* Begin PBXSourcesBuildPhase section */
		4F52B3DD18DFBE0100323136 /* Sources */ = {
			isa = PBXSourcesBuildPhase;
			buildActionMask = 2147483647;
			files = (
				4F52B3FE18DFBE0100323136 /* ViewController.m in Sources */,
				4F52B3F518DFBE0100323136 /* AppDelegate.m in Sources */,
				4F52B42118DFC33300323136 /* NSString+MD5.m in Sources */,
				4F52B41E18DFBE2100323136 /* ZTCache.m in Sources */,
				4F52B3F118DFBE0100323136 /* main.m in Sources */,
			);
			runOnlyForDeploymentPostprocessing = 0;
		};
		4F52B40118DFBE0100323136 /* Sources */ = {
			isa = PBXSourcesBuildPhase;
			buildActionMask = 2147483647;
			files = (
				4F52B41318DFBE0100323136 /* CacheDemoTests.m in Sources */,
			);
			runOnlyForDeploymentPostprocessing = 0;
		};
/* End PBXSourcesBuildPhase section */

/* Begin PBXTargetDependency section */
		4F52B40B18DFBE0100323136 /* PBXTargetDependency */ = {
			isa = PBXTargetDependency;
			target = 4F52B3E018DFBE0100323136 /* CacheDemo */;
			targetProxy = 4F52B40A18DFBE0100323136 /* PBXContainerItemProxy */;
		};
/* End PBXTargetDependency section */

/* Begin PBXVariantGroup section */
		4F52B3ED18DFBE0100323136 /* InfoPlist.strings */ = {
			isa = PBXVariantGroup;
			children = (
				4F52B3EE18DFBE0100323136 /* en */,
			);
			name = InfoPlist.strings;
			sourceTree = "<group>";
		};
		4F52B3F618DFBE0100323136 /* Main_iPhone.storyboard */ = {
			isa = PBXVariantGroup;
			children = (
				4F52B3F718DFBE0100323136 /* Base */,
			);
			name = Main_iPhone.storyboard;
			sourceTree = "<group>";
		};
		4F52B3F918DFBE0100323136 /* Main_iPad.storyboard */ = {
			isa = PBXVariantGroup;
			children = (
				4F52B3FA18DFBE0100323136 /* Base */,
			);
			name = Main_iPad.storyboard;
			sourceTree = "<group>";
		};
		4F52B40F18DFBE0100323136 /* InfoPlist.strings */ = {
			isa = PBXVariantGroup;
			children = (
				4F52B41018DFBE0100323136 /* en */,
			);
			name = InfoPlist.strings;
			sourceTree = "<group>";
		};
/* End PBXVariantGroup section */

/* Begin XCBuildConfiguration section */
		4F52B41418DFBE0100323136 /* Debug */ = {
			isa = XCBuildConfiguration;
			buildSettings = {
				ALWAYS_SEARCH_USER_PATHS = NO;
				CLANG_CXX_LANGUAGE_STANDARD = "gnu++0x";
				CLANG_CXX_LIBRARY = "libc++";
				CLANG_ENABLE_MODULES = YES;
				CLANG_ENABLE_OBJC_ARC = YES;
				CLANG_WARN_BOOL_CONVERSION = YES;
				CLANG_WARN_CONSTANT_CONVERSION = YES;
				CLANG_WARN_DIRECT_OBJC_ISA_USAGE = YES_ERROR;
				CLANG_WARN_EMPTY_BODY = YES;
				CLANG_WARN_ENUM_CONVERSION = YES;
				CLANG_WARN_INT_CONVERSION = YES;
				CLANG_WARN_OBJC_ROOT_CLASS = YES_ERROR;
				CLANG_WARN__DUPLICATE_METHOD_MATCH = YES;
				"CODE_SIGN_IDENTITY[sdk=iphoneos*]" = "iPhone Developer";
				COPY_PHASE_STRIP = NO;
				GCC_C_LANGUAGE_STANDARD = gnu99;
				GCC_DYNAMIC_NO_PIC = NO;
				GCC_OPTIMIZATION_LEVEL = 0;
				GCC_PREPROCESSOR_DEFINITIONS = (
					"DEBUG=1",
					"$(inherited)",
				);
				GCC_SYMBOLS_PRIVATE_EXTERN = NO;
				GCC_WARN_64_TO_32_BIT_CONVERSION = YES;
				GCC_WARN_ABOUT_RETURN_TYPE = YES_ERROR;
				GCC_WARN_UNDECLARED_SELECTOR = YES;
				GCC_WARN_UNINITIALIZED_AUTOS = YES_AGGRESSIVE;
				GCC_WARN_UNUSED_FUNCTION = YES;
				GCC_WARN_UNUSED_VARIABLE = YES;
				IPHONEOS_DEPLOYMENT_TARGET = 7.1;
				ONLY_ACTIVE_ARCH = YES;
				SDKROOT = iphoneos;
				TARGETED_DEVICE_FAMILY = "1,2";
			};
			name = Debug;
		};
		4F52B41518DFBE0100323136 /* Release */ = {
			isa = XCBuildConfiguration;
			buildSettings = {
				ALWAYS_SEARCH_USER_PATHS = NO;
				CLANG_CXX_LANGUAGE_STANDARD = "gnu++0x";
				CLANG_CXX_LIBRARY = "libc++";
				CLANG_ENABLE_MODULES = YES;
				CLANG_ENABLE_OBJC_ARC = YES;
				CLANG_WARN_BOOL_CONVERSION = YES;
				CLANG_WARN_CONSTANT_CONVERSION = YES;
				CLANG_WARN_DIRECT_OBJC_ISA_USAGE = YES_ERROR;
				CLANG_WARN_EMPTY_BODY = YES;
				CLANG_WARN_ENUM_CONVERSION = YES;
				CLANG_WARN_INT_CONVERSION = YES;
				CLANG_WARN_OBJC_ROOT_CLASS = YES_ERROR;
				CLANG_WARN__DUPLICATE_METHOD_MATCH = YES;
				"CODE_SIGN_IDENTITY[sdk=iphoneos*]" = "iPhone Developer";
				COPY_PHASE_STRIP = YES;
				ENABLE_NS_ASSERTIONS = NO;
				GCC_C_LANGUAGE_STANDARD = gnu99;
				GCC_WARN_64_TO_32_BIT_CONVERSION = YES;
				GCC_WARN_ABOUT_RETURN_TYPE = YES_ERROR;
				GCC_WARN_UNDECLARED_SELECTOR = YES;
				GCC_WARN_UNINITIALIZED_AUTOS = YES_AGGRESSIVE;
				GCC_WARN_UNUSED_FUNCTION = YES;
				GCC_WARN_UNUSED_VARIABLE = YES;
				IPHONEOS_DEPLOYMENT_TARGET = 7.1;
				SDKROOT = iphoneos;
				TARGETED_DEVICE_FAMILY = "1,2";
				VALIDATE_PRODUCT = YES;
			};
			name = Release;
		};
		4F52B41718DFBE0100323136 /* Debug */ = {
			isa = XCBuildConfiguration;
			buildSettings = {
				ASSETCATALOG_COMPILER_APPICON_NAME = AppIcon;
				ASSETCATALOG_COMPILER_LAUNCHIMAGE_NAME = LaunchImage;
				GCC_PRECOMPILE_PREFIX_HEADER = YES;
				GCC_PREFIX_HEADER = "CacheDemo/CacheDemo-Prefix.pch";
				INFOPLIST_FILE = "CacheDemo/CacheDemo-Info.plist";
				IPHONEOS_DEPLOYMENT_TARGET = 7.0;
				PRODUCT_NAME = "$(TARGET_NAME)";
				WRAPPER_EXTENSION = app;
			};
			name = Debug;
		};
		4F52B41818DFBE0100323136 /* Release */ = {
			isa = XCBuildConfiguration;
			buildSettings = {
				ASSETCATALOG_COMPILER_APPICON_NAME = AppIcon;
				ASSETCATALOG_COMPILER_LAUNCHIMAGE_NAME = LaunchImage;
				GCC_PRECOMPILE_PREFIX_HEADER = YES;
				GCC_PREFIX_HEADER = "CacheDemo/CacheDemo-Prefix.pch";
				INFOPLIST_FILE = "CacheDemo/CacheDemo-Info.plist";
				IPHONEOS_DEPLOYMENT_TARGET = 7.0;
				PRODUCT_NAME = "$(TARGET_NAME)";
				WRAPPER_EXTENSION = app;
			};
			name = Release;
		};
		4F52B41A18DFBE0100323136 /* Debug */ = {
			isa = XCBuildConfiguration;
			buildSettings = {
				BUNDLE_LOADER = "$(BUILT_PRODUCTS_DIR)/CacheDemo.app/CacheDemo";
				FRAMEWORK_SEARCH_PATHS = (
					"$(SDKROOT)/Developer/Library/Frameworks",
					"$(inherited)",
					"$(DEVELOPER_FRAMEWORKS_DIR)",
				);
				GCC_PRECOMPILE_PREFIX_HEADER = YES;
				GCC_PREFIX_HEADER = "CacheDemo/CacheDemo-Prefix.pch";
				GCC_PREPROCESSOR_DEFINITIONS = (
					"DEBUG=1",
					"$(inherited)",
				);
				INFOPLIST_FILE = "CacheDemoTests/CacheDemoTests-Info.plist";
				PRODUCT_NAME = "$(TARGET_NAME)";
				TEST_HOST = "$(BUNDLE_LOADER)";
				WRAPPER_EXTENSION = xctest;
			};
			name = Debug;
		};
		4F52B41B18DFBE0100323136 /* Release */ = {
			isa = XCBuildConfiguration;
			buildSettings = {
				BUNDLE_LOADER = "$(BUILT_PRODUCTS_DIR)/CacheDemo.app/CacheDemo";
				FRAMEWORK_SEARCH_PATHS = (
					"$(SDKROOT)/Developer/Library/Frameworks",
					"$(inherited)",
					"$(DEVELOPER_FRAMEWORKS_DIR)",
				);
				GCC_PRECOMPILE_PREFIX_HEADER = YES;
				GCC_PREFIX_HEADER = "CacheDemo/CacheDemo-Prefix.pch";
				INFOPLIST_FILE = "CacheDemoTests/CacheDemoTests-Info.plist";
				PRODUCT_NAME = "$(TARGET_NAME)";
				TEST_HOST = "$(BUNDLE_LOADER)";
				WRAPPER_EXTENSION = xctest;
			};
			name = Release;
		};
/* End XCBuildConfiguration section */

/* Begin XCConfigurationList section */
		4F52B3DC18DFBE0100323136 /* Build configuration list for PBXProject "CacheDemo" */ = {
			isa = XCConfigurationList;
			buildConfigurations = (
				4F52B41418DFBE0100323136 /* Debug */,
				4F52B41518DFBE0100323136 /* Release */,
			);
			defaultConfigurationIsVisible = 0;
			defaultConfigurationName = Release;
		};
		4F52B41618DFBE0100323136 /* Build configuration list for PBXNativeTarget "CacheDemo" */ = {
			isa = XCConfigurationList;
			buildConfigurations = (
				4F52B41718DFBE0100323136 /* Debug */,
				4F52B41818DFBE0100323136 /* Release */,
			);
			defaultConfigurationIsVisible = 0;
			defaultConfigurationName = Release;
		};
		4F52B41918DFBE0100323136 /* Build configuration list for PBXNativeTarget "CacheDemoTests" */ = {
			isa = XCConfigurationList;
			buildConfigurations = (
				4F52B41A18DFBE0100323136 /* Debug */,
				4F52B41B18DFBE0100323136 /* Release */,
			);
			defaultConfigurationIsVisible = 0;
			defaultConfigurationName = Release;
		};
/* End XCConfigurationList section */
	};
	rootObject = 4F52B3D918DFBE0100323136 /* Project object */;
}
