// !$*UTF8*$!
{
	archiveVersion = 1;
	classes = {
	};
	objectVersion = 46;
	objects = {

/* Begin PBXBuildFile section */
		486D5132918E4EB6A363A71D /* libPods.a in Frameworks */ = {isa = PBXBuildFile; fileRef = 76E3EED489744EBD81167E8C /* libPods.a */; };
		4F042E0618CFF9F400D8CFCF /* ForumViewController.m in Sources */ = {isa = PBXBuildFile; fileRef = 4F042DFF18CFF9F400D8CFCF /* ForumViewController.m */; };
		4F042E0718CFF9F400D8CFCF /* NewsViewController.m in Sources */ = {isa = PBXBuildFile; fileRef = 4F042E0118CFF9F400D8CFCF /* NewsViewController.m */; };
		4F042E0818CFF9F400D8CFCF /* PersonalViewController.m in Sources */ = {isa = PBXBuildFile; fileRef = 4F042E0318CFF9F400D8CFCF /* PersonalViewController.m */; };
		4F042E0918CFF9F400D8CFCF /* SettingViewController.m in Sources */ = {isa = PBXBuildFile; fileRef = 4F042E0518CFF9F400D8CFCF /* SettingViewController.m */; };
		4F042E1218CFFA1100D8CFCF /* image-1.png in Resources */ = {isa = PBXBuildFile; fileRef = 4F042E0A18CFFA1100D8CFCF /* image-1.png */; };
		4F042E1318CFFA1100D8CFCF /* image-1@2x.png in Resources */ = {isa = PBXBuildFile; fileRef = 4F042E0B18CFFA1100D8CFCF /* image-1@2x.png */; };
		4F042E1418CFFA1100D8CFCF /* image-2.png in Resources */ = {isa = PBXBuildFile; fileRef = 4F042E0C18CFFA1100D8CFCF /* image-2.png */; };
		4F042E1518CFFA1100D8CFCF /* image-2@2x.png in Resources */ = {isa = PBXBuildFile; fileRef = 4F042E0D18CFFA1100D8CFCF /* image-2@2x.png */; };
		4F042E1618CFFA1100D8CFCF /* image-3.png in Resources */ = {isa = PBXBuildFile; fileRef = 4F042E0E18CFFA1100D8CFCF /* image-3.png */; };
		4F042E1718CFFA1100D8CFCF /* image-3@2x.png in Resources */ = {isa = PBXBuildFile; fileRef = 4F042E0F18CFFA1100D8CFCF /* image-3@2x.png */; };
		4F042E1818CFFA1100D8CFCF /* image-4.png in Resources */ = {isa = PBXBuildFile; fileRef = 4F042E1018CFFA1100D8CFCF /* image-4.png */; };
		4F042E1918CFFA1100D8CFCF /* image-4@2x.png in Resources */ = {isa = PBXBuildFile; fileRef = 4F042E1118CFFA1100D8CFCF /* image-4@2x.png */; };
		4F14F15318CD9C28008E928E /* Foundation.framework in Frameworks */ = {isa = PBXBuildFile; fileRef = 4F14F15218CD9C28008E928E /* Foundation.framework */; };
		4F14F15518CD9C28008E928E /* CoreGraphics.framework in Frameworks */ = {isa = PBXBuildFile; fileRef = 4F14F15418CD9C28008E928E /* CoreGraphics.framework */; };
		4F14F15718CD9C28008E928E /* UIKit.framework in Frameworks */ = {isa = PBXBuildFile; fileRef = 4F14F15618CD9C28008E928E /* UIKit.framework */; };
		4F14F15D18CD9C28008E928E /* InfoPlist.strings in Resources */ = {isa = PBXBuildFile; fileRef = 4F14F15B18CD9C28008E928E /* InfoPlist.strings */; };
		4F14F15F18CD9C28008E928E /* main.m in Sources */ = {isa = PBXBuildFile; fileRef = 4F14F15E18CD9C28008E928E /* main.m */; };
		4F14F16318CD9C28008E928E /* AppDelegate.m in Sources */ = {isa = PBXBuildFile; fileRef = 4F14F16218CD9C28008E928E /* AppDelegate.m */; };
		4F14F16518CD9C28008E928E /* Images.xcassets in Resources */ = {isa = PBXBuildFile; fileRef = 4F14F16418CD9C28008E928E /* Images.xcassets */; };
		4F14F16C18CD9C28008E928E /* XCTest.framework in Frameworks */ = {isa = PBXBuildFile; fileRef = 4F14F16B18CD9C28008E928E /* XCTest.framework */; };
		4F14F16D18CD9C28008E928E /* Foundation.framework in Frameworks */ = {isa = PBXBuildFile; fileRef = 4F14F15218CD9C28008E928E /* Foundation.framework */; };
		4F14F16E18CD9C28008E928E /* UIKit.framework in Frameworks */ = {isa = PBXBuildFile; fileRef = 4F14F15618CD9C28008E928E /* UIKit.framework */; };
		4F14F17618CD9C28008E928E /* InfoPlist.strings in Resources */ = {isa = PBXBuildFile; fileRef = 4F14F17418CD9C28008E928E /* InfoPlist.strings */; };
		4F14F17818CD9C28008E928E /* STDGTests.m in Sources */ = {isa = PBXBuildFile; fileRef = 4F14F17718CD9C28008E928E /* STDGTests.m */; };
		4F14F18A18CDA31A008E928E /* STClient.m in Sources */ = {isa = PBXBuildFile; fileRef = 4F14F18918CDA31A008E928E /* STClient.m */; };
		4F15C6FE18D85A6000BF6C05 /* STForum.m in Sources */ = {isa = PBXBuildFile; fileRef = 4F15C6FD18D85A6000BF6C05 /* STForum.m */; };
		4F3ACF6318D2FD60000882C6 /* SubjectViewController.m in Sources */ = {isa = PBXBuildFile; fileRef = 4F3ACF6218D2FD60000882C6 /* SubjectViewController.m */; };
		4F3C2F4118D18039005B4F53 /* STGategory.m in Sources */ = {isa = PBXBuildFile; fileRef = 4F3C2F4018D18039005B4F53 /* STGategory.m */; };
		4FD1031518D18CAB00B7F308 /* AfficheViewController.m in Sources */ = {isa = PBXBuildFile; fileRef = 4FD1031418D18CAB00B7F308 /* AfficheViewController.m */; };
		4FD1031818D18CDD00B7F308 /* DynamicViewController.m in Sources */ = {isa = PBXBuildFile; fileRef = 4FD1031718D18CDD00B7F308 /* DynamicViewController.m */; };
		4FD1031B18D18CFC00B7F308 /* IndustryViewController.m in Sources */ = {isa = PBXBuildFile; fileRef = 4FD1031A18D18CFC00B7F308 /* IndustryViewController.m */; };
/* End PBXBuildFile section */

/* Begin PBXContainerItemProxy section */
		4F14F16F18CD9C28008E928E /* PBXContainerItemProxy */ = {
			isa = PBXContainerItemProxy;
			containerPortal = 4F14F14718CD9C28008E928E /* Project object */;
			proxyType = 1;
			remoteGlobalIDString = 4F14F14E18CD9C28008E928E;
			remoteInfo = STDG;
		};
/* End PBXContainerItemProxy section */

/* Begin PBXFileReference section */
		4F042DFE18CFF9F400D8CFCF /* ForumViewController.h */ = {isa = PBXFileReference; fileEncoding = 4; lastKnownFileType = sourcecode.c.h; path = ForumViewController.h; sourceTree = "<group>"; };
		4F042DFF18CFF9F400D8CFCF /* ForumViewController.m */ = {isa = PBXFileReference; fileEncoding = 4; lastKnownFileType = sourcecode.c.objc; path = ForumViewController.m; sourceTree = "<group>"; };
		4F042E0018CFF9F400D8CFCF /* NewsViewController.h */ = {isa = PBXFileReference; fileEncoding = 4; lastKnownFileType = sourcecode.c.h; path = NewsViewController.h; sourceTree = "<group>"; };
		4F042E0118CFF9F400D8CFCF /* NewsViewController.m */ = {isa = PBXFileReference; fileEncoding = 4; lastKnownFileType = sourcecode.c.objc; path = NewsViewController.m; sourceTree = "<group>"; };
		4F042E0218CFF9F400D8CFCF /* PersonalViewController.h */ = {isa = PBXFileReference; fileEncoding = 4; lastKnownFileType = sourcecode.c.h; path = PersonalViewController.h; sourceTree = "<group>"; };
		4F042E0318CFF9F400D8CFCF /* PersonalViewController.m */ = {isa = PBXFileReference; fileEncoding = 4; lastKnownFileType = sourcecode.c.objc; path = PersonalViewController.m; sourceTree = "<group>"; };
		4F042E0418CFF9F400D8CFCF /* SettingViewController.h */ = {isa = PBXFileReference; fileEncoding = 4; lastKnownFileType = sourcecode.c.h; path = SettingViewController.h; sourceTree = "<group>"; };
		4F042E0518CFF9F400D8CFCF /* SettingViewController.m */ = {isa = PBXFileReference; fileEncoding = 4; lastKnownFileType = sourcecode.c.objc; path = SettingViewController.m; sourceTree = "<group>"; };
		4F042E0A18CFFA1100D8CFCF /* image-1.png */ = {isa = PBXFileReference; lastKnownFileType = image.png; path = "image-1.png"; sourceTree = "<group>"; };
		4F042E0B18CFFA1100D8CFCF /* image-1@2x.png */ = {isa = PBXFileReference; lastKnownFileType = image.png; path = "image-1@2x.png"; sourceTree = "<group>"; };
		4F042E0C18CFFA1100D8CFCF /* image-2.png */ = {isa = PBXFileReference; lastKnownFileType = image.png; path = "image-2.png"; sourceTree = "<group>"; };
		4F042E0D18CFFA1100D8CFCF /* image-2@2x.png */ = {isa = PBXFileReference; lastKnownFileType = image.png; path = "image-2@2x.png"; sourceTree = "<group>"; };
		4F042E0E18CFFA1100D8CFCF /* image-3.png */ = {isa = PBXFileReference; lastKnownFileType = image.png; path = "image-3.png"; sourceTree = "<group>"; };
		4F042E0F18CFFA1100D8CFCF /* image-3@2x.png */ = {isa = PBXFileReference; lastKnownFileType = image.png; path = "image-3@2x.png"; sourceTree = "<group>"; };
		4F042E1018CFFA1100D8CFCF /* image-4.png */ = {isa = PBXFileReference; lastKnownFileType = image.png; path = "image-4.png"; sourceTree = "<group>"; };
		4F042E1118CFFA1100D8CFCF /* image-4@2x.png */ = {isa = PBXFileReference; lastKnownFileType = image.png; path = "image-4@2x.png"; sourceTree = "<group>"; };
		4F14F14F18CD9C28008E928E /* STDG.app */ = {isa = PBXFileReference; explicitFileType = wrapper.application; includeInIndex = 0; path = STDG.app; sourceTree = BUILT_PRODUCTS_DIR; };
		4F14F15218CD9C28008E928E /* Foundation.framework */ = {isa = PBXFileReference; lastKnownFileType = wrapper.framework; name = Foundation.framework; path = System/Library/Frameworks/Foundation.framework; sourceTree = SDKROOT; };
		4F14F15418CD9C28008E928E /* CoreGraphics.framework */ = {isa = PBXFileReference; lastKnownFileType = wrapper.framework; name = CoreGraphics.framework; path = System/Library/Frameworks/CoreGraphics.framework; sourceTree = SDKROOT; };
		4F14F15618CD9C28008E928E /* UIKit.framework */ = {isa = PBXFileReference; lastKnownFileType = wrapper.framework; name = UIKit.framework; path = System/Library/Frameworks/UIKit.framework; sourceTree = SDKROOT; };
		4F14F15A18CD9C28008E928E /* STDG-Info.plist */ = {isa = PBXFileReference; lastKnownFileType = text.plist.xml; path = "STDG-Info.plist"; sourceTree = "<group>"; };
		4F14F15C18CD9C28008E928E /* en */ = {isa = PBXFileReference; lastKnownFileType = text.plist.strings; name = en; path = en.lproj/InfoPlist.strings; sourceTree = "<group>"; };
		4F14F15E18CD9C28008E928E /* main.m */ = {isa = PBXFileReference; lastKnownFileType = sourcecode.c.objc; path = main.m; sourceTree = "<group>"; };
		4F14F16018CD9C28008E928E /* STDG-Prefix.pch */ = {isa = PBXFileReference; lastKnownFileType = sourcecode.c.h; path = "STDG-Prefix.pch"; sourceTree = "<group>"; };
		4F14F16118CD9C28008E928E /* AppDelegate.h */ = {isa = PBXFileReference; lastKnownFileType = sourcecode.c.h; path = AppDelegate.h; sourceTree = "<group>"; };
		4F14F16218CD9C28008E928E /* AppDelegate.m */ = {isa = PBXFileReference; lastKnownFileType = sourcecode.c.objc; path = AppDelegate.m; sourceTree = "<group>"; };
		4F14F16418CD9C28008E928E /* Images.xcassets */ = {isa = PBXFileReference; lastKnownFileType = folder.assetcatalog; path = Images.xcassets; sourceTree = "<group>"; };
		4F14F16A18CD9C28008E928E /* STDGTests.xctest */ = {isa = PBXFileReference; explicitFileType = wrapper.cfbundle; includeInIndex = 0; path = STDGTests.xctest; sourceTree = BUILT_PRODUCTS_DIR; };
		4F14F16B18CD9C28008E928E /* XCTest.framework */ = {isa = PBXFileReference; lastKnownFileType = wrapper.framework; name = XCTest.framework; path = Library/Frameworks/XCTest.framework; sourceTree = DEVELOPER_DIR; };
		4F14F17318CD9C28008E928E /* STDGTests-Info.plist */ = {isa = PBXFileReference; lastKnownFileType = text.plist.xml; path = "STDGTests-Info.plist"; sourceTree = "<group>"; };
		4F14F17518CD9C28008E928E /* en */ = {isa = PBXFileReference; lastKnownFileType = text.plist.strings; name = en; path = en.lproj/InfoPlist.strings; sourceTree = "<group>"; };
		4F14F17718CD9C28008E928E /* STDGTests.m */ = {isa = PBXFileReference; lastKnownFileType = sourcecode.c.objc; path = STDGTests.m; sourceTree = "<group>"; };
		4F14F18818CDA31A008E928E /* STClient.h */ = {isa = PBXFileReference; fileEncoding = 4; lastKnownFileType = sourcecode.c.h; path = STClient.h; sourceTree = "<group>"; };
		4F14F18918CDA31A008E928E /* STClient.m */ = {isa = PBXFileReference; fileEncoding = 4; lastKnownFileType = sourcecode.c.objc; path = STClient.m; sourceTree = "<group>"; };
		4F15C6FC18D85A6000BF6C05 /* STForum.h */ = {isa = PBXFileReference; fileEncoding = 4; lastKnownFileType = sourcecode.c.h; name = STForum.h; path = Models/STForum.h; sourceTree = "<group>"; };
		4F15C6FD18D85A6000BF6C05 /* STForum.m */ = {isa = PBXFileReference; fileEncoding = 4; lastKnownFileType = sourcecode.c.objc; name = STForum.m; path = Models/STForum.m; sourceTree = "<group>"; };
		4F3ACF5F18D2CE74000882C6 /* AppMacro.h */ = {isa = PBXFileReference; lastKnownFileType = sourcecode.c.h; name = AppMacro.h; path = Macro/AppMacro.h; sourceTree = "<group>"; };
		4F3ACF6118D2FD60000882C6 /* SubjectViewController.h */ = {isa = PBXFileReference; fileEncoding = 4; lastKnownFileType = sourcecode.c.h; path = SubjectViewController.h; sourceTree = "<group>"; };
		4F3ACF6218D2FD60000882C6 /* SubjectViewController.m */ = {isa = PBXFileReference; fileEncoding = 4; lastKnownFileType = sourcecode.c.objc; path = SubjectViewController.m; sourceTree = "<group>"; };
		4F3C2F3F18D18039005B4F53 /* STGategory.h */ = {isa = PBXFileReference; fileEncoding = 4; lastKnownFileType = sourcecode.c.h; name = STGategory.h; path = STDG/Models/STGategory.h; sourceTree = SOURCE_ROOT; };
		4F3C2F4018D18039005B4F53 /* STGategory.m */ = {isa = PBXFileReference; fileEncoding = 4; lastKnownFileType = sourcecode.c.objc; name = STGategory.m; path = STDG/Models/STGategory.m; sourceTree = SOURCE_ROOT; };
		4FD1031318D18CAB00B7F308 /* AfficheViewController.h */ = {isa = PBXFileReference; fileEncoding = 4; lastKnownFileType = sourcecode.c.h; path = AfficheViewController.h; sourceTree = "<group>"; };
		4FD1031418D18CAB00B7F308 /* AfficheViewController.m */ = {isa = PBXFileReference; fileEncoding = 4; lastKnownFileType = sourcecode.c.objc; path = AfficheViewController.m; sourceTree = "<group>"; };
		4FD1031618D18CDD00B7F308 /* DynamicViewController.h */ = {isa = PBXFileReference; fileEncoding = 4; lastKnownFileType = sourcecode.c.h; path = DynamicViewController.h; sourceTree = "<group>"; };
		4FD1031718D18CDD00B7F308 /* DynamicViewController.m */ = {isa = PBXFileReference; fileEncoding = 4; lastKnownFileType = sourcecode.c.objc; path = DynamicViewController.m; sourceTree = "<group>"; };
		4FD1031918D18CFC00B7F308 /* IndustryViewController.h */ = {isa = PBXFileReference; fileEncoding = 4; lastKnownFileType = sourcecode.c.h; path = IndustryViewController.h; sourceTree = "<group>"; };
		4FD1031A18D18CFC00B7F308 /* IndustryViewController.m */ = {isa = PBXFileReference; fileEncoding = 4; lastKnownFileType = sourcecode.c.objc; path = IndustryViewController.m; sourceTree = "<group>"; };
		5DDDE70D37114F7F96D13080 /* Pods.xcconfig */ = {isa = PBXFileReference; includeInIndex = 1; lastKnownFileType = text.xcconfig; name = Pods.xcconfig; path = Pods/Pods.xcconfig; sourceTree = "<group>"; };
		76E3EED489744EBD81167E8C /* libPods.a */ = {isa = PBXFileReference; explicitFileType = archive.ar; includeInIndex = 0; path = libPods.a; sourceTree = BUILT_PRODUCTS_DIR; };
/* End PBXFileReference section */

/* Begin PBXFrameworksBuildPhase section */
		4F14F14C18CD9C28008E928E /* Frameworks */ = {
			isa = PBXFrameworksBuildPhase;
			buildActionMask = 2147483647;
			files = (
				4F14F15518CD9C28008E928E /* CoreGraphics.framework in Frameworks */,
				4F14F15718CD9C28008E928E /* UIKit.framework in Frameworks */,
				4F14F15318CD9C28008E928E /* Foundation.framework in Frameworks */,
				486D5132918E4EB6A363A71D /* libPods.a in Frameworks */,
			);
			runOnlyForDeploymentPostprocessing = 0;
		};
		4F14F16718CD9C28008E928E /* Frameworks */ = {
			isa = PBXFrameworksBuildPhase;
			buildActionMask = 2147483647;
			files = (
				4F14F16C18CD9C28008E928E /* XCTest.framework in Frameworks */,
				4F14F16E18CD9C28008E928E /* UIKit.framework in Frameworks */,
				4F14F16D18CD9C28008E928E /* Foundation.framework in Frameworks */,
			);
			runOnlyForDeploymentPostprocessing = 0;
		};
/* End PBXFrameworksBuildPhase section */

/* Begin PBXGroup section */
		4F042DFD18CFF9F400D8CFCF /* Interface */ = {
			isa = PBXGroup;
			children = (
				4F042DFE18CFF9F400D8CFCF /* ForumViewController.h */,
				4F042DFF18CFF9F400D8CFCF /* ForumViewController.m */,
				4F3ACF6118D2FD60000882C6 /* SubjectViewController.h */,
				4F3ACF6218D2FD60000882C6 /* SubjectViewController.m */,
				4F042E0018CFF9F400D8CFCF /* NewsViewController.h */,
				4F042E0118CFF9F400D8CFCF /* NewsViewController.m */,
				4F042E0218CFF9F400D8CFCF /* PersonalViewController.h */,
				4F042E0318CFF9F400D8CFCF /* PersonalViewController.m */,
				4F042E0418CFF9F400D8CFCF /* SettingViewController.h */,
				4F042E0518CFF9F400D8CFCF /* SettingViewController.m */,
				4FD1031318D18CAB00B7F308 /* AfficheViewController.h */,
				4FD1031418D18CAB00B7F308 /* AfficheViewController.m */,
				4FD1031618D18CDD00B7F308 /* DynamicViewController.h */,
				4FD1031718D18CDD00B7F308 /* DynamicViewController.m */,
				4FD1031918D18CFC00B7F308 /* IndustryViewController.h */,
				4FD1031A18D18CFC00B7F308 /* IndustryViewController.m */,
			);
			path = Interface;
			sourceTree = "<group>";
		};
		4F14F14618CD9C28008E928E = {
			isa = PBXGroup;
			children = (
				4F14F15818CD9C28008E928E /* STDG */,
				4F14F17118CD9C28008E928E /* STDGTests */,
				4F14F15118CD9C28008E928E /* Frameworks */,
				4F14F15018CD9C28008E928E /* Products */,
				5DDDE70D37114F7F96D13080 /* Pods.xcconfig */,
			);
			sourceTree = "<group>";
		};
		4F14F15018CD9C28008E928E /* Products */ = {
			isa = PBXGroup;
			children = (
				4F14F14F18CD9C28008E928E /* STDG.app */,
				4F14F16A18CD9C28008E928E /* STDGTests.xctest */,
			);
			name = Products;
			sourceTree = "<group>";
		};
		4F14F15118CD9C28008E928E /* Frameworks */ = {
			isa = PBXGroup;
			children = (
				4F14F15218CD9C28008E928E /* Foundation.framework */,
				4F14F15418CD9C28008E928E /* CoreGraphics.framework */,
				4F14F15618CD9C28008E928E /* UIKit.framework */,
				4F14F16B18CD9C28008E928E /* XCTest.framework */,
				76E3EED489744EBD81167E8C /* libPods.a */,
			);
			name = Frameworks;
			sourceTree = "<group>";
		};
		4F14F15818CD9C28008E928E /* STDG */ = {
			isa = PBXGroup;
			children = (
				4F3ACF6018D2CE7D000882C6 /* Macro */,
				4F042DFD18CFF9F400D8CFCF /* Interface */,
				4F14F18418CD9C83008E928E /* Models */,
				4F14F16118CD9C28008E928E /* AppDelegate.h */,
				4F14F16218CD9C28008E928E /* AppDelegate.m */,
				4F14F18818CDA31A008E928E /* STClient.h */,
				4F14F18918CDA31A008E928E /* STClient.m */,
				4F14F16418CD9C28008E928E /* Images.xcassets */,
				4F14F15918CD9C28008E928E /* Supporting Files */,
			);
			path = STDG;
			sourceTree = "<group>";
		};
		4F14F15918CD9C28008E928E /* Supporting Files */ = {
			isa = PBXGroup;
			children = (
				4F042E0A18CFFA1100D8CFCF /* image-1.png */,
				4F042E0B18CFFA1100D8CFCF /* image-1@2x.png */,
				4F042E0C18CFFA1100D8CFCF /* image-2.png */,
				4F042E0D18CFFA1100D8CFCF /* image-2@2x.png */,
				4F042E0E18CFFA1100D8CFCF /* image-3.png */,
				4F042E0F18CFFA1100D8CFCF /* image-3@2x.png */,
				4F042E1018CFFA1100D8CFCF /* image-4.png */,
				4F042E1118CFFA1100D8CFCF /* image-4@2x.png */,
				4F14F15A18CD9C28008E928E /* STDG-Info.plist */,
				4F14F15B18CD9C28008E928E /* InfoPlist.strings */,
				4F14F15E18CD9C28008E928E /* main.m */,
				4F14F16018CD9C28008E928E /* STDG-Prefix.pch */,
			);
			name = "Supporting Files";
			sourceTree = "<group>";
		};
		4F14F17118CD9C28008E928E /* STDGTests */ = {
			isa = PBXGroup;
			children = (
				4F14F17718CD9C28008E928E /* STDGTests.m */,
				4F14F17218CD9C28008E928E /* Supporting Files */,
			);
			path = STDGTests;
			sourceTree = "<group>";
		};
		4F14F17218CD9C28008E928E /* Supporting Files */ = {
			isa = PBXGroup;
			children = (
				4F14F17318CD9C28008E928E /* STDGTests-Info.plist */,
				4F14F17418CD9C28008E928E /* InfoPlist.strings */,
			);
			name = "Supporting Files";
			sourceTree = "<group>";
		};
		4F14F18418CD9C83008E928E /* Models */ = {
			isa = PBXGroup;
			children = (
				4F3C2F3F18D18039005B4F53 /* STGategory.h */,
				4F3C2F4018D18039005B4F53 /* STGategory.m */,
				4F15C6FC18D85A6000BF6C05 /* STForum.h */,
				4F15C6FD18D85A6000BF6C05 /* STForum.m */,
			);
			name = Models;
			sourceTree = "<group>";
		};
		4F3ACF6018D2CE7D000882C6 /* Macro */ = {
			isa = PBXGroup;
			children = (
				4F3ACF5F18D2CE74000882C6 /* AppMacro.h */,
			);
			name = Macro;
			sourceTree = "<group>";
		};
/* End PBXGroup section */

/* Begin PBXNativeTarget section */
		4F14F14E18CD9C28008E928E /* STDG */ = {
			isa = PBXNativeTarget;
			buildConfigurationList = 4F14F17B18CD9C28008E928E /* Build configuration list for PBXNativeTarget "STDG" */;
			buildPhases = (
				F8F6AC03548B4E809B6567F2 /* Check Pods Manifest.lock */,
				4F14F14B18CD9C28008E928E /* Sources */,
				4F14F14C18CD9C28008E928E /* Frameworks */,
				4F14F14D18CD9C28008E928E /* Resources */,
				E9E728117EF14F838B367F11 /* Copy Pods Resources */,
			);
			buildRules = (
			);
			dependencies = (
			);
			name = STDG;
			productName = STDG;
			productReference = 4F14F14F18CD9C28008E928E /* STDG.app */;
			productType = "com.apple.product-type.application";
		};
		4F14F16918CD9C28008E928E /* STDGTests */ = {
			isa = PBXNativeTarget;
			buildConfigurationList = 4F14F17E18CD9C28008E928E /* Build configuration list for PBXNativeTarget "STDGTests" */;
			buildPhases = (
				4F14F16618CD9C28008E928E /* Sources */,
				4F14F16718CD9C28008E928E /* Frameworks */,
				4F14F16818CD9C28008E928E /* Resources */,
			);
			buildRules = (
			);
			dependencies = (
				4F14F17018CD9C28008E928E /* PBXTargetDependency */,
			);
			name = STDGTests;
			productName = STDGTests;
			productReference = 4F14F16A18CD9C28008E928E /* STDGTests.xctest */;
			productType = "com.apple.product-type.bundle.unit-test";
		};
/* End PBXNativeTarget section */

/* Begin PBXProject section */
		4F14F14718CD9C28008E928E /* Project object */ = {
			isa = PBXProject;
			attributes = {
				LastUpgradeCheck = 0500;
				ORGANIZATIONNAME = "翟涛";
				TargetAttributes = {
					4F14F16918CD9C28008E928E = {
						TestTargetID = 4F14F14E18CD9C28008E928E;
					};
				};
			};
			buildConfigurationList = 4F14F14A18CD9C28008E928E /* Build configuration list for PBXProject "STDG" */;
			compatibilityVersion = "Xcode 3.2";
			developmentRegion = English;
			hasScannedForEncodings = 0;
			knownRegions = (
				en,
			);
			mainGroup = 4F14F14618CD9C28008E928E;
			productRefGroup = 4F14F15018CD9C28008E928E /* Products */;
			projectDirPath = "";
			projectRoot = "";
			targets = (
				4F14F14E18CD9C28008E928E /* STDG */,
				4F14F16918CD9C28008E928E /* STDGTests */,
			);
		};
/* End PBXProject section */

/* Begin PBXResourcesBuildPhase section */
		4F14F14D18CD9C28008E928E /* Resources */ = {
			isa = PBXResourcesBuildPhase;
			buildActionMask = 2147483647;
			files = (
				4F042E1518CFFA1100D8CFCF /* image-2@2x.png in Resources */,
				4F042E1618CFFA1100D8CFCF /* image-3.png in Resources */,
				4F042E1818CFFA1100D8CFCF /* image-4.png in Resources */,
				4F14F15D18CD9C28008E928E /* InfoPlist.strings in Resources */,
				4F042E1318CFFA1100D8CFCF /* image-1@2x.png in Resources */,
				4F042E1918CFFA1100D8CFCF /* image-4@2x.png in Resources */,
				4F042E1418CFFA1100D8CFCF /* image-2.png in Resources */,
				4F042E1718CFFA1100D8CFCF /* image-3@2x.png in Resources */,
				4F14F16518CD9C28008E928E /* Images.xcassets in Resources */,
				4F042E1218CFFA1100D8CFCF /* image-1.png in Resources */,
			);
			runOnlyForDeploymentPostprocessing = 0;
		};
		4F14F16818CD9C28008E928E /* Resources */ = {
			isa = PBXResourcesBuildPhase;
			buildActionMask = 2147483647;
			files = (
				4F14F17618CD9C28008E928E /* InfoPlist.strings in Resources */,
			);
			runOnlyForDeploymentPostprocessing = 0;
		};
/* End PBXResourcesBuildPhase section */

/* Begin PBXShellScriptBuildPhase section */
		E9E728117EF14F838B367F11 /* Copy Pods Resources */ = {
			isa = PBXShellScriptBuildPhase;
			buildActionMask = 2147483647;
			files = (
			);
			inputPaths = (
			);
			name = "Copy Pods Resources";
			outputPaths = (
			);
			runOnlyForDeploymentPostprocessing = 0;
			shellPath = /bin/sh;
			shellScript = "\"${SRCROOT}/Pods/Pods-resources.sh\"\n";
			showEnvVarsInLog = 0;
		};
		F8F6AC03548B4E809B6567F2 /* Check Pods Manifest.lock */ = {
			isa = PBXShellScriptBuildPhase;
			buildActionMask = 2147483647;
			files = (
			);
			inputPaths = (
			);
			name = "Check Pods Manifest.lock";
			outputPaths = (
			);
			runOnlyForDeploymentPostprocessing = 0;
			shellPath = /bin/sh;
			shellScript = "diff \"${PODS_ROOT}/../Podfile.lock\" \"${PODS_ROOT}/Manifest.lock\" > /dev/null\nif [[ $? != 0 ]] ; then\n    cat << EOM\nerror: The sandbox is not in sync with the Podfile.lock. Run 'pod install' or update your CocoaPods installation.\nEOM\n    exit 1\nfi\n";
			showEnvVarsInLog = 0;
		};
/* End PBXShellScriptBuildPhase section */

/* Begin PBXSourcesBuildPhase section */
		4F14F14B18CD9C28008E928E /* Sources */ = {
			isa = PBXSourcesBuildPhase;
			buildActionMask = 2147483647;
			files = (
				4FD1031B18D18CFC00B7F308 /* IndustryViewController.m in Sources */,
				4FD1031818D18CDD00B7F308 /* DynamicViewController.m in Sources */,
				4F042E0818CFF9F400D8CFCF /* PersonalViewController.m in Sources */,
				4F15C6FE18D85A6000BF6C05 /* STForum.m in Sources */,
				4F14F16318CD9C28008E928E /* AppDelegate.m in Sources */,
				4F042E0618CFF9F400D8CFCF /* ForumViewController.m in Sources */,
				4F3ACF6318D2FD60000882C6 /* SubjectViewController.m in Sources */,
				4F042E0718CFF9F400D8CFCF /* NewsViewController.m in Sources */,
				4F14F15F18CD9C28008E928E /* main.m in Sources */,
				4FD1031518D18CAB00B7F308 /* AfficheViewController.m in Sources */,
				4F14F18A18CDA31A008E928E /* STClient.m in Sources */,
				4F042E0918CFF9F400D8CFCF /* SettingViewController.m in Sources */,
				4F3C2F4118D18039005B4F53 /* STGategory.m in Sources */,
			);
			runOnlyForDeploymentPostprocessing = 0;
		};
		4F14F16618CD9C28008E928E /* Sources */ = {
			isa = PBXSourcesBuildPhase;
			buildActionMask = 2147483647;
			files = (
				4F14F17818CD9C28008E928E /* STDGTests.m in Sources */,
			);
			runOnlyForDeploymentPostprocessing = 0;
		};
/* End PBXSourcesBuildPhase section */

/* Begin PBXTargetDependency section */
		4F14F17018CD9C28008E928E /* PBXTargetDependency */ = {
			isa = PBXTargetDependency;
			target = 4F14F14E18CD9C28008E928E /* STDG */;
			targetProxy = 4F14F16F18CD9C28008E928E /* PBXContainerItemProxy */;
		};
/* End PBXTargetDependency section */

/* Begin PBXVariantGroup section */
		4F14F15B18CD9C28008E928E /* InfoPlist.strings */ = {
			isa = PBXVariantGroup;
			children = (
				4F14F15C18CD9C28008E928E /* en */,
			);
			name = InfoPlist.strings;
			sourceTree = "<group>";
		};
		4F14F17418CD9C28008E928E /* InfoPlist.strings */ = {
			isa = PBXVariantGroup;
			children = (
				4F14F17518CD9C28008E928E /* en */,
			);
			name = InfoPlist.strings;
			sourceTree = "<group>";
		};
/* End PBXVariantGroup section */

/* Begin XCBuildConfiguration section */
		4F14F17918CD9C28008E928E /* Debug */ = {
			isa = XCBuildConfiguration;
			buildSettings = {
				ALWAYS_SEARCH_USER_PATHS = NO;
				ARCHS = "$(ARCHS_STANDARD_INCLUDING_64_BIT)";
				CLANG_CXX_LANGUAGE_STANDARD = "gnu++0x";
				CLANG_CXX_LIBRARY = "libc++";
				CLANG_ENABLE_MODULES = YES;
				CLANG_ENABLE_OBJC_ARC = YES;
				CLANG_WARN_BOOL_CONVERSION = YES;
				CLANG_WARN_CONSTANT_CONVERSION = YES;
				CLANG_WARN_DIRECT_OBJC_ISA_USAGE = YES_ERROR;
				CLANG_WARN_EMPTY_BODY = YES;
				CLANG_WARN_ENUM_CONVERSION = YES;
				CLANG_WARN_INT_CONVERSION = YES;
				CLANG_WARN_OBJC_ROOT_CLASS = YES_ERROR;
				CLANG_WARN__DUPLICATE_METHOD_MATCH = YES;
				"CODE_SIGN_IDENTITY[sdk=iphoneos*]" = "iPhone Developer";
				COPY_PHASE_STRIP = NO;
				GCC_C_LANGUAGE_STANDARD = gnu99;
				GCC_DYNAMIC_NO_PIC = NO;
				GCC_OPTIMIZATION_LEVEL = 0;
				GCC_PREPROCESSOR_DEFINITIONS = (
					"DEBUG=1",
					"$(inherited)",
				);
				GCC_SYMBOLS_PRIVATE_EXTERN = NO;
				GCC_WARN_64_TO_32_BIT_CONVERSION = YES;
				GCC_WARN_ABOUT_RETURN_TYPE = YES_ERROR;
				GCC_WARN_UNDECLARED_SELECTOR = YES;
				GCC_WARN_UNINITIALIZED_AUTOS = YES;
				GCC_WARN_UNUSED_FUNCTION = YES;
				GCC_WARN_UNUSED_VARIABLE = YES;
				IPHONEOS_DEPLOYMENT_TARGET = 7.0;
				ONLY_ACTIVE_ARCH = YES;
				SDKROOT = iphoneos;
				TARGETED_DEVICE_FAMILY = "1,2";
			};
			name = Debug;
		};
		4F14F17A18CD9C28008E928E /* Release */ = {
			isa = XCBuildConfiguration;
			buildSettings = {
				ALWAYS_SEARCH_USER_PATHS = NO;
				ARCHS = "$(ARCHS_STANDARD_INCLUDING_64_BIT)";
				CLANG_CXX_LANGUAGE_STANDARD = "gnu++0x";
				CLANG_CXX_LIBRARY = "libc++";
				CLANG_ENABLE_MODULES = YES;
				CLANG_ENABLE_OBJC_ARC = YES;
				CLANG_WARN_BOOL_CONVERSION = YES;
				CLANG_WARN_CONSTANT_CONVERSION = YES;
				CLANG_WARN_DIRECT_OBJC_ISA_USAGE = YES_ERROR;
				CLANG_WARN_EMPTY_BODY = YES;
				CLANG_WARN_ENUM_CONVERSION = YES;
				CLANG_WARN_INT_CONVERSION = YES;
				CLANG_WARN_OBJC_ROOT_CLASS = YES_ERROR;
				CLANG_WARN__DUPLICATE_METHOD_MATCH = YES;
				"CODE_SIGN_IDENTITY[sdk=iphoneos*]" = "iPhone Developer";
				COPY_PHASE_STRIP = YES;
				ENABLE_NS_ASSERTIONS = NO;
				GCC_C_LANGUAGE_STANDARD = gnu99;
				GCC_WARN_64_TO_32_BIT_CONVERSION = YES;
				GCC_WARN_ABOUT_RETURN_TYPE = YES_ERROR;
				GCC_WARN_UNDECLARED_SELECTOR = YES;
				GCC_WARN_UNINITIALIZED_AUTOS = YES;
				GCC_WARN_UNUSED_FUNCTION = YES;
				GCC_WARN_UNUSED_VARIABLE = YES;
				IPHONEOS_DEPLOYMENT_TARGET = 7.0;
				SDKROOT = iphoneos;
				TARGETED_DEVICE_FAMILY = "1,2";
				VALIDATE_PRODUCT = YES;
			};
			name = Release;
		};
		4F14F17C18CD9C28008E928E /* Debug */ = {
			isa = XCBuildConfiguration;
			baseConfigurationReference = 5DDDE70D37114F7F96D13080 /* Pods.xcconfig */;
			buildSettings = {
				ASSETCATALOG_COMPILER_APPICON_NAME = AppIcon;
				ASSETCATALOG_COMPILER_LAUNCHIMAGE_NAME = LaunchImage;
				GCC_PRECOMPILE_PREFIX_HEADER = YES;
				GCC_PREFIX_HEADER = "STDG/STDG-Prefix.pch";
				INFOPLIST_FILE = "STDG/STDG-Info.plist";
				IPHONEOS_DEPLOYMENT_TARGET = 7.0;
				PRODUCT_NAME = "$(TARGET_NAME)";
				TARGETED_DEVICE_FAMILY = "1,2";
				WRAPPER_EXTENSION = app;
			};
			name = Debug;
		};
		4F14F17D18CD9C28008E928E /* Release */ = {
			isa = XCBuildConfiguration;
			baseConfigurationReference = 5DDDE70D37114F7F96D13080 /* Pods.xcconfig */;
			buildSettings = {
				ASSETCATALOG_COMPILER_APPICON_NAME = AppIcon;
				ASSETCATALOG_COMPILER_LAUNCHIMAGE_NAME = LaunchImage;
				GCC_PRECOMPILE_PREFIX_HEADER = YES;
				GCC_PREFIX_HEADER = "STDG/STDG-Prefix.pch";
				INFOPLIST_FILE = "STDG/STDG-Info.plist";
				IPHONEOS_DEPLOYMENT_TARGET = 7.0;
				PRODUCT_NAME = "$(TARGET_NAME)";
				TARGETED_DEVICE_FAMILY = "1,2";
				WRAPPER_EXTENSION = app;
			};
			name = Release;
		};
		4F14F17F18CD9C28008E928E /* Debug */ = {
			isa = XCBuildConfiguration;
			buildSettings = {
				ARCHS = "$(ARCHS_STANDARD_INCLUDING_64_BIT)";
				BUNDLE_LOADER = "$(BUILT_PRODUCTS_DIR)/STDG.app/STDG";
				FRAMEWORK_SEARCH_PATHS = (
					"$(SDKROOT)/Developer/Library/Frameworks",
					"$(inherited)",
					"$(DEVELOPER_FRAMEWORKS_DIR)",
				);
				GCC_PRECOMPILE_PREFIX_HEADER = YES;
				GCC_PREFIX_HEADER = "STDG/STDG-Prefix.pch";
				GCC_PREPROCESSOR_DEFINITIONS = (
					"DEBUG=1",
					"$(inherited)",
				);
				INFOPLIST_FILE = "STDGTests/STDGTests-Info.plist";
				PRODUCT_NAME = "$(TARGET_NAME)";
				TEST_HOST = "$(BUNDLE_LOADER)";
				WRAPPER_EXTENSION = xctest;
			};
			name = Debug;
		};
		4F14F18018CD9C28008E928E /* Release */ = {
			isa = XCBuildConfiguration;
			buildSettings = {
				ARCHS = "$(ARCHS_STANDARD_INCLUDING_64_BIT)";
				BUNDLE_LOADER = "$(BUILT_PRODUCTS_DIR)/STDG.app/STDG";
				FRAMEWORK_SEARCH_PATHS = (
					"$(SDKROOT)/Developer/Library/Frameworks",
					"$(inherited)",
					"$(DEVELOPER_FRAMEWORKS_DIR)",
				);
				GCC_PRECOMPILE_PREFIX_HEADER = YES;
				GCC_PREFIX_HEADER = "STDG/STDG-Prefix.pch";
				INFOPLIST_FILE = "STDGTests/STDGTests-Info.plist";
				PRODUCT_NAME = "$(TARGET_NAME)";
				TEST_HOST = "$(BUNDLE_LOADER)";
				WRAPPER_EXTENSION = xctest;
			};
			name = Release;
		};
/* End XCBuildConfiguration section */

/* Begin XCConfigurationList section */
		4F14F14A18CD9C28008E928E /* Build configuration list for PBXProject "STDG" */ = {
			isa = XCConfigurationList;
			buildConfigurations = (
				4F14F17918CD9C28008E928E /* Debug */,
				4F14F17A18CD9C28008E928E /* Release */,
			);
			defaultConfigurationIsVisible = 0;
			defaultConfigurationName = Release;
		};
		4F14F17B18CD9C28008E928E /* Build configuration list for PBXNativeTarget "STDG" */ = {
			isa = XCConfigurationList;
			buildConfigurations = (
				4F14F17C18CD9C28008E928E /* Debug */,
				4F14F17D18CD9C28008E928E /* Release */,
			);
			defaultConfigurationIsVisible = 0;
			defaultConfigurationName = Release;
		};
		4F14F17E18CD9C28008E928E /* Build configuration list for PBXNativeTarget "STDGTests" */ = {
			isa = XCConfigurationList;
			buildConfigurations = (
				4F14F17F18CD9C28008E928E /* Debug */,
				4F14F18018CD9C28008E928E /* Release */,
			);
			defaultConfigurationIsVisible = 0;
			defaultConfigurationName = Release;
		};
/* End XCConfigurationList section */
	};
	rootObject = 4F14F14718CD9C28008E928E /* Project object */;
}
