// !$*UTF8*$!
{
	archiveVersion = 1;
	classes = {
	};
	objectVersion = 46;
	objects = {

/* Begin PBXBuildFile section */
		4F0B03E718E40C7E00FAFD30 /* Foundation.framework in Frameworks */ = {isa = PBXBuildFile; fileRef = 4F0B03E618E40C7E00FAFD30 /* Foundation.framework */; };
		4F0B03E918E40C7E00FAFD30 /* CoreGraphics.framework in Frameworks */ = {isa = PBXBuildFile; fileRef = 4F0B03E818E40C7E00FAFD30 /* CoreGraphics.framework */; };
		4F0B03EB18E40C7E00FAFD30 /* UIKit.framework in Frameworks */ = {isa = PBXBuildFile; fileRef = 4F0B03EA18E40C7E00FAFD30 /* UIKit.framework */; };
		4F0B03F118E40C7E00FAFD30 /* InfoPlist.strings in Resources */ = {isa = PBXBuildFile; fileRef = 4F0B03EF18E40C7E00FAFD30 /* InfoPlist.strings */; };
		4F0B03F318E40C7E00FAFD30 /* main.m in Sources */ = {isa = PBXBuildFile; fileRef = 4F0B03F218E40C7E00FAFD30 /* main.m */; };
		4F0B03F718E40C7E00FAFD30 /* AppDelegate.m in Sources */ = {isa = PBXBuildFile; fileRef = 4F0B03F618E40C7E00FAFD30 /* AppDelegate.m */; };
		4F0B03F918E40C7E00FAFD30 /* Images.xcassets in Resources */ = {isa = PBXBuildFile; fileRef = 4F0B03F818E40C7E00FAFD30 /* Images.xcassets */; };
		4F0B040018E40C7E00FAFD30 /* XCTest.framework in Frameworks */ = {isa = PBXBuildFile; fileRef = 4F0B03FF18E40C7E00FAFD30 /* XCTest.framework */; };
		4F0B040118E40C7E00FAFD30 /* Foundation.framework in Frameworks */ = {isa = PBXBuildFile; fileRef = 4F0B03E618E40C7E00FAFD30 /* Foundation.framework */; };
		4F0B040218E40C7E00FAFD30 /* UIKit.framework in Frameworks */ = {isa = PBXBuildFile; fileRef = 4F0B03EA18E40C7E00FAFD30 /* UIKit.framework */; };
		4F0B040A18E40C7E00FAFD30 /* InfoPlist.strings in Resources */ = {isa = PBXBuildFile; fileRef = 4F0B040818E40C7E00FAFD30 /* InfoPlist.strings */; };
		4F0B040C18E40C7E00FAFD30 /* exampleTests.m in Sources */ = {isa = PBXBuildFile; fileRef = 4F0B040B18E40C7E00FAFD30 /* exampleTests.m */; };
		4F0B041818E40CD300FAFD30 /* HomeViewController.m in Sources */ = {isa = PBXBuildFile; fileRef = 4F0B041718E40CD300FAFD30 /* HomeViewController.m */; };
		4F0B041A18E40EF400FAFD30 /* main_background@2x.png in Resources */ = {isa = PBXBuildFile; fileRef = 4F0B041918E40EF400FAFD30 /* main_background@2x.png */; };
		4F0B041D18E4108900FAFD30 /* bar_background.png in Resources */ = {isa = PBXBuildFile; fileRef = 4F0B041B18E4108900FAFD30 /* bar_background.png */; };
		4F0B041E18E4108900FAFD30 /* bar_background@2x.png in Resources */ = {isa = PBXBuildFile; fileRef = 4F0B041C18E4108900FAFD30 /* bar_background@2x.png */; };
		4FA8DC1918E44028004968DD /* ContentCell.m in Sources */ = {isa = PBXBuildFile; fileRef = 4FA8DC1818E44028004968DD /* ContentCell.m */; };
		4FA8DC1B18E44560004968DD /* block_background@2x.png in Resources */ = {isa = PBXBuildFile; fileRef = 4FA8DC1A18E44560004968DD /* block_background@2x.png */; };
		4FA8DC1F18E45485004968DD /* thumb_pic@2x.png in Resources */ = {isa = PBXBuildFile; fileRef = 4FA8DC1E18E45484004968DD /* thumb_pic@2x.png */; };
		4FD7526D18E512A300694D03 /* PullRefreshTableView.m in Sources */ = {isa = PBXBuildFile; fileRef = 4FD7526C18E512A300694D03 /* PullRefreshTableView.m */; };
/* End PBXBuildFile section */

/* Begin PBXContainerItemProxy section */
		4F0B040318E40C7E00FAFD30 /* PBXContainerItemProxy */ = {
			isa = PBXContainerItemProxy;
			containerPortal = 4F0B03DB18E40C7E00FAFD30 /* Project object */;
			proxyType = 1;
			remoteGlobalIDString = 4F0B03E218E40C7E00FAFD30;
			remoteInfo = example;
		};
/* End PBXContainerItemProxy section */

/* Begin PBXFileReference section */
		4F0B03E318E40C7E00FAFD30 /* example.app */ = {isa = PBXFileReference; explicitFileType = wrapper.application; includeInIndex = 0; path = example.app; sourceTree = BUILT_PRODUCTS_DIR; };
		4F0B03E618E40C7E00FAFD30 /* Foundation.framework */ = {isa = PBXFileReference; lastKnownFileType = wrapper.framework; name = Foundation.framework; path = System/Library/Frameworks/Foundation.framework; sourceTree = SDKROOT; };
		4F0B03E818E40C7E00FAFD30 /* CoreGraphics.framework */ = {isa = PBXFileReference; lastKnownFileType = wrapper.framework; name = CoreGraphics.framework; path = System/Library/Frameworks/CoreGraphics.framework; sourceTree = SDKROOT; };
		4F0B03EA18E40C7E00FAFD30 /* UIKit.framework */ = {isa = PBXFileReference; lastKnownFileType = wrapper.framework; name = UIKit.framework; path = System/Library/Frameworks/UIKit.framework; sourceTree = SDKROOT; };
		4F0B03EE18E40C7E00FAFD30 /* example-Info.plist */ = {isa = PBXFileReference; lastKnownFileType = text.plist.xml; path = "example-Info.plist"; sourceTree = "<group>"; };
		4F0B03F018E40C7E00FAFD30 /* en */ = {isa = PBXFileReference; lastKnownFileType = text.plist.strings; name = en; path = en.lproj/InfoPlist.strings; sourceTree = "<group>"; };
		4F0B03F218E40C7E00FAFD30 /* main.m */ = {isa = PBXFileReference; lastKnownFileType = sourcecode.c.objc; path = main.m; sourceTree = "<group>"; };
		4F0B03F418E40C7E00FAFD30 /* example-Prefix.pch */ = {isa = PBXFileReference; lastKnownFileType = sourcecode.c.h; path = "example-Prefix.pch"; sourceTree = "<group>"; };
		4F0B03F518E40C7E00FAFD30 /* AppDelegate.h */ = {isa = PBXFileReference; lastKnownFileType = sourcecode.c.h; path = AppDelegate.h; sourceTree = "<group>"; };
		4F0B03F618E40C7E00FAFD30 /* AppDelegate.m */ = {isa = PBXFileReference; lastKnownFileType = sourcecode.c.objc; path = AppDelegate.m; sourceTree = "<group>"; };
		4F0B03F818E40C7E00FAFD30 /* Images.xcassets */ = {isa = PBXFileReference; lastKnownFileType = folder.assetcatalog; path = Images.xcassets; sourceTree = "<group>"; };
		4F0B03FE18E40C7E00FAFD30 /* exampleTests.xctest */ = {isa = PBXFileReference; explicitFileType = wrapper.cfbundle; includeInIndex = 0; path = exampleTests.xctest; sourceTree = BUILT_PRODUCTS_DIR; };
		4F0B03FF18E40C7E00FAFD30 /* XCTest.framework */ = {isa = PBXFileReference; lastKnownFileType = wrapper.framework; name = XCTest.framework; path = Library/Frameworks/XCTest.framework; sourceTree = DEVELOPER_DIR; };
		4F0B040718E40C7E00FAFD30 /* exampleTests-Info.plist */ = {isa = PBXFileReference; lastKnownFileType = text.plist.xml; path = "exampleTests-Info.plist"; sourceTree = "<group>"; };
		4F0B040918E40C7E00FAFD30 /* en */ = {isa = PBXFileReference; lastKnownFileType = text.plist.strings; name = en; path = en.lproj/InfoPlist.strings; sourceTree = "<group>"; };
		4F0B040B18E40C7E00FAFD30 /* exampleTests.m */ = {isa = PBXFileReference; lastKnownFileType = sourcecode.c.objc; path = exampleTests.m; sourceTree = "<group>"; };
		4F0B041618E40CD300FAFD30 /* HomeViewController.h */ = {isa = PBXFileReference; fileEncoding = 4; lastKnownFileType = sourcecode.c.h; path = HomeViewController.h; sourceTree = "<group>"; };
		4F0B041718E40CD300FAFD30 /* HomeViewController.m */ = {isa = PBXFileReference; fileEncoding = 4; lastKnownFileType = sourcecode.c.objc; path = HomeViewController.m; sourceTree = "<group>"; };
		4F0B041918E40EF400FAFD30 /* main_background@2x.png */ = {isa = PBXFileReference; lastKnownFileType = image.png; path = "main_background@2x.png"; sourceTree = "<group>"; };
		4F0B041B18E4108900FAFD30 /* bar_background.png */ = {isa = PBXFileReference; lastKnownFileType = image.png; path = bar_background.png; sourceTree = "<group>"; };
		4F0B041C18E4108900FAFD30 /* bar_background@2x.png */ = {isa = PBXFileReference; lastKnownFileType = image.png; path = "bar_background@2x.png"; sourceTree = "<group>"; };
		4FA8DC1718E44028004968DD /* ContentCell.h */ = {isa = PBXFileReference; fileEncoding = 4; lastKnownFileType = sourcecode.c.h; name = ContentCell.h; path = View/ContentCell.h; sourceTree = "<group>"; };
		4FA8DC1818E44028004968DD /* ContentCell.m */ = {isa = PBXFileReference; fileEncoding = 4; lastKnownFileType = sourcecode.c.objc; name = ContentCell.m; path = View/ContentCell.m; sourceTree = "<group>"; };
		4FA8DC1A18E44560004968DD /* block_background@2x.png */ = {isa = PBXFileReference; lastKnownFileType = image.png; path = "block_background@2x.png"; sourceTree = "<group>"; };
		4FA8DC1E18E45484004968DD /* thumb_pic@2x.png */ = {isa = PBXFileReference; lastKnownFileType = image.png; path = "thumb_pic@2x.png"; sourceTree = "<group>"; };
		4FD7526B18E512A300694D03 /* PullRefreshTableView.h */ = {isa = PBXFileReference; fileEncoding = 4; lastKnownFileType = sourcecode.c.h; name = PullRefreshTableView.h; path = View/PullRefreshTableView.h; sourceTree = "<group>"; };
		4FD7526C18E512A300694D03 /* PullRefreshTableView.m */ = {isa = PBXFileReference; fileEncoding = 4; lastKnownFileType = sourcecode.c.objc; name = PullRefreshTableView.m; path = View/PullRefreshTableView.m; sourceTree = "<group>"; };
/* End PBXFileReference section */

/* Begin PBXFrameworksBuildPhase section */
		4F0B03E018E40C7E00FAFD30 /* Frameworks */ = {
			isa = PBXFrameworksBuildPhase;
			buildActionMask = 2147483647;
			files = (
				4F0B03E918E40C7E00FAFD30 /* CoreGraphics.framework in Frameworks */,
				4F0B03EB18E40C7E00FAFD30 /* UIKit.framework in Frameworks */,
				4F0B03E718E40C7E00FAFD30 /* Foundation.framework in Frameworks */,
			);
			runOnlyForDeploymentPostprocessing = 0;
		};
		4F0B03FB18E40C7E00FAFD30 /* Frameworks */ = {
			isa = PBXFrameworksBuildPhase;
			buildActionMask = 2147483647;
			files = (
				4F0B040018E40C7E00FAFD30 /* XCTest.framework in Frameworks */,
				4F0B040218E40C7E00FAFD30 /* UIKit.framework in Frameworks */,
				4F0B040118E40C7E00FAFD30 /* Foundation.framework in Frameworks */,
			);
			runOnlyForDeploymentPostprocessing = 0;
		};
/* End PBXFrameworksBuildPhase section */

/* Begin PBXGroup section */
		4F0B03DA18E40C7E00FAFD30 = {
			isa = PBXGroup;
			children = (
				4F0B03EC18E40C7E00FAFD30 /* example */,
				4F0B040518E40C7E00FAFD30 /* exampleTests */,
				4F0B03E518E40C7E00FAFD30 /* Frameworks */,
				4F0B03E418E40C7E00FAFD30 /* Products */,
			);
			sourceTree = "<group>";
		};
		4F0B03E418E40C7E00FAFD30 /* Products */ = {
			isa = PBXGroup;
			children = (
				4F0B03E318E40C7E00FAFD30 /* example.app */,
				4F0B03FE18E40C7E00FAFD30 /* exampleTests.xctest */,
			);
			name = Products;
			sourceTree = "<group>";
		};
		4F0B03E518E40C7E00FAFD30 /* Frameworks */ = {
			isa = PBXGroup;
			children = (
				4F0B03E618E40C7E00FAFD30 /* Foundation.framework */,
				4F0B03E818E40C7E00FAFD30 /* CoreGraphics.framework */,
				4F0B03EA18E40C7E00FAFD30 /* UIKit.framework */,
				4F0B03FF18E40C7E00FAFD30 /* XCTest.framework */,
			);
			name = Frameworks;
			sourceTree = "<group>";
		};
		4F0B03EC18E40C7E00FAFD30 /* example */ = {
			isa = PBXGroup;
			children = (
				4FA8DC1618E43F95004968DD /* View */,
				4F0B041518E40CA800FAFD30 /* controller */,
				4F0B03F518E40C7E00FAFD30 /* AppDelegate.h */,
				4F0B03F618E40C7E00FAFD30 /* AppDelegate.m */,
				4F0B03F818E40C7E00FAFD30 /* Images.xcassets */,
				4F0B03ED18E40C7E00FAFD30 /* Supporting Files */,
			);
			path = example;
			sourceTree = "<group>";
		};
		4F0B03ED18E40C7E00FAFD30 /* Supporting Files */ = {
			isa = PBXGroup;
			children = (
				4FA8DC1E18E45484004968DD /* thumb_pic@2x.png */,
				4FA8DC1A18E44560004968DD /* block_background@2x.png */,
				4F0B041B18E4108900FAFD30 /* bar_background.png */,
				4F0B041C18E4108900FAFD30 /* bar_background@2x.png */,
				4F0B041918E40EF400FAFD30 /* main_background@2x.png */,
				4F0B03EE18E40C7E00FAFD30 /* example-Info.plist */,
				4F0B03EF18E40C7E00FAFD30 /* InfoPlist.strings */,
				4F0B03F218E40C7E00FAFD30 /* main.m */,
				4F0B03F418E40C7E00FAFD30 /* example-Prefix.pch */,
			);
			name = "Supporting Files";
			sourceTree = "<group>";
		};
		4F0B040518E40C7E00FAFD30 /* exampleTests */ = {
			isa = PBXGroup;
			children = (
				4F0B040B18E40C7E00FAFD30 /* exampleTests.m */,
				4F0B040618E40C7E00FAFD30 /* Supporting Files */,
			);
			path = exampleTests;
			sourceTree = "<group>";
		};
		4F0B040618E40C7E00FAFD30 /* Supporting Files */ = {
			isa = PBXGroup;
			children = (
				4F0B040718E40C7E00FAFD30 /* exampleTests-Info.plist */,
				4F0B040818E40C7E00FAFD30 /* InfoPlist.strings */,
			);
			name = "Supporting Files";
			sourceTree = "<group>";
		};
		4F0B041518E40CA800FAFD30 /* controller */ = {
			isa = PBXGroup;
			children = (
				4F0B041618E40CD300FAFD30 /* HomeViewController.h */,
				4F0B041718E40CD300FAFD30 /* HomeViewController.m */,
			);
			name = controller;
			sourceTree = "<group>";
		};
		4FA8DC1618E43F95004968DD /* View */ = {
			isa = PBXGroup;
			children = (
				4FA8DC1718E44028004968DD /* ContentCell.h */,
				4FA8DC1818E44028004968DD /* ContentCell.m */,
				4FD7526B18E512A300694D03 /* PullRefreshTableView.h */,
				4FD7526C18E512A300694D03 /* PullRefreshTableView.m */,
			);
			name = View;
			sourceTree = "<group>";
		};
/* End PBXGroup section */

/* Begin PBXNativeTarget section */
		4F0B03E218E40C7E00FAFD30 /* example */ = {
			isa = PBXNativeTarget;
			buildConfigurationList = 4F0B040F18E40C7E00FAFD30 /* Build configuration list for PBXNativeTarget "example" */;
			buildPhases = (
				4F0B03DF18E40C7E00FAFD30 /* Sources */,
				4F0B03E018E40C7E00FAFD30 /* Frameworks */,
				4F0B03E118E40C7E00FAFD30 /* Resources */,
			);
			buildRules = (
			);
			dependencies = (
			);
			name = example;
			productName = example;
			productReference = 4F0B03E318E40C7E00FAFD30 /* example.app */;
			productType = "com.apple.product-type.application";
		};
		4F0B03FD18E40C7E00FAFD30 /* exampleTests */ = {
			isa = PBXNativeTarget;
			buildConfigurationList = 4F0B041218E40C7E00FAFD30 /* Build configuration list for PBXNativeTarget "exampleTests" */;
			buildPhases = (
				4F0B03FA18E40C7E00FAFD30 /* Sources */,
				4F0B03FB18E40C7E00FAFD30 /* Frameworks */,
				4F0B03FC18E40C7E00FAFD30 /* Resources */,
			);
			buildRules = (
			);
			dependencies = (
				4F0B040418E40C7E00FAFD30 /* PBXTargetDependency */,
			);
			name = exampleTests;
			productName = exampleTests;
			productReference = 4F0B03FE18E40C7E00FAFD30 /* exampleTests.xctest */;
			productType = "com.apple.product-type.bundle.unit-test";
		};
/* End PBXNativeTarget section */

/* Begin PBXProject section */
		4F0B03DB18E40C7E00FAFD30 /* Project object */ = {
			isa = PBXProject;
			attributes = {
				LastUpgradeCheck = 0510;
				ORGANIZATIONNAME = "翟涛";
				TargetAttributes = {
					4F0B03FD18E40C7E00FAFD30 = {
						TestTargetID = 4F0B03E218E40C7E00FAFD30;
					};
				};
			};
			buildConfigurationList = 4F0B03DE18E40C7E00FAFD30 /* Build configuration list for PBXProject "example" */;
			compatibilityVersion = "Xcode 3.2";
			developmentRegion = English;
			hasScannedForEncodings = 0;
			knownRegions = (
				en,
			);
			mainGroup = 4F0B03DA18E40C7E00FAFD30;
			productRefGroup = 4F0B03E418E40C7E00FAFD30 /* Products */;
			projectDirPath = "";
			projectRoot = "";
			targets = (
				4F0B03E218E40C7E00FAFD30 /* example */,
				4F0B03FD18E40C7E00FAFD30 /* exampleTests */,
			);
		};
/* End PBXProject section */

/* Begin PBXResourcesBuildPhase section */
		4F0B03E118E40C7E00FAFD30 /* Resources */ = {
			isa = PBXResourcesBuildPhase;
			buildActionMask = 2147483647;
			files = (
				4FA8DC1B18E44560004968DD /* block_background@2x.png in Resources */,
				4FA8DC1F18E45485004968DD /* thumb_pic@2x.png in Resources */,
				4F0B03F118E40C7E00FAFD30 /* InfoPlist.strings in Resources */,
				4F0B041D18E4108900FAFD30 /* bar_background.png in Resources */,
				4F0B041E18E4108900FAFD30 /* bar_background@2x.png in Resources */,
				4F0B041A18E40EF400FAFD30 /* main_background@2x.png in Resources */,
				4F0B03F918E40C7E00FAFD30 /* Images.xcassets in Resources */,
			);
			runOnlyForDeploymentPostprocessing = 0;
		};
		4F0B03FC18E40C7E00FAFD30 /* Resources */ = {
			isa = PBXResourcesBuildPhase;
			buildActionMask = 2147483647;
			files = (
				4F0B040A18E40C7E00FAFD30 /* InfoPlist.strings in Resources */,
			);
			runOnlyForDeploymentPostprocessing = 0;
		};
/* End PBXResourcesBuildPhase section */

/* Begin PBXSourcesBuildPhase section */
		4F0B03DF18E40C7E00FAFD30 /* Sources */ = {
			isa = PBXSourcesBuildPhase;
			buildActionMask = 2147483647;
			files = (
				4F0B03F718E40C7E00FAFD30 /* AppDelegate.m in Sources */,
				4F0B03F318E40C7E00FAFD30 /* main.m in Sources */,
				4F0B041818E40CD300FAFD30 /* HomeViewController.m in Sources */,
				4FA8DC1918E44028004968DD /* ContentCell.m in Sources */,
				4FD7526D18E512A300694D03 /* PullRefreshTableView.m in Sources */,
			);
			runOnlyForDeploymentPostprocessing = 0;
		};
		4F0B03FA18E40C7E00FAFD30 /* Sources */ = {
			isa = PBXSourcesBuildPhase;
			buildActionMask = 2147483647;
			files = (
				4F0B040C18E40C7E00FAFD30 /* exampleTests.m in Sources */,
			);
			runOnlyForDeploymentPostprocessing = 0;
		};
/* End PBXSourcesBuildPhase section */

/* Begin PBXTargetDependency section */
		4F0B040418E40C7E00FAFD30 /* PBXTargetDependency */ = {
			isa = PBXTargetDependency;
			target = 4F0B03E218E40C7E00FAFD30 /* example */;
			targetProxy = 4F0B040318E40C7E00FAFD30 /* PBXContainerItemProxy */;
		};
/* End PBXTargetDependency section */

/* Begin PBXVariantGroup section */
		4F0B03EF18E40C7E00FAFD30 /* InfoPlist.strings */ = {
			isa = PBXVariantGroup;
			children = (
				4F0B03F018E40C7E00FAFD30 /* en */,
			);
			name = InfoPlist.strings;
			sourceTree = "<group>";
		};
		4F0B040818E40C7E00FAFD30 /* InfoPlist.strings */ = {
			isa = PBXVariantGroup;
			children = (
				4F0B040918E40C7E00FAFD30 /* en */,
			);
			name = InfoPlist.strings;
			sourceTree = "<group>";
		};
/* End PBXVariantGroup section */

/* Begin XCBuildConfiguration section */
		4F0B040D18E40C7E00FAFD30 /* Debug */ = {
			isa = XCBuildConfiguration;
			buildSettings = {
				ALWAYS_SEARCH_USER_PATHS = NO;
				CLANG_CXX_LANGUAGE_STANDARD = "gnu++0x";
				CLANG_CXX_LIBRARY = "libc++";
				CLANG_ENABLE_MODULES = YES;
				CLANG_ENABLE_OBJC_ARC = YES;
				CLANG_WARN_BOOL_CONVERSION = YES;
				CLANG_WARN_CONSTANT_CONVERSION = YES;
				CLANG_WARN_DIRECT_OBJC_ISA_USAGE = YES_ERROR;
				CLANG_WARN_EMPTY_BODY = YES;
				CLANG_WARN_ENUM_CONVERSION = YES;
				CLANG_WARN_INT_CONVERSION = YES;
				CLANG_WARN_OBJC_ROOT_CLASS = YES_ERROR;
				CLANG_WARN__DUPLICATE_METHOD_MATCH = YES;
				"CODE_SIGN_IDENTITY[sdk=iphoneos*]" = "iPhone Developer";
				COPY_PHASE_STRIP = NO;
				GCC_C_LANGUAGE_STANDARD = gnu99;
				GCC_DYNAMIC_NO_PIC = NO;
				GCC_OPTIMIZATION_LEVEL = 0;
				GCC_PREPROCESSOR_DEFINITIONS = (
					"DEBUG=1",
					"$(inherited)",
				);
				GCC_SYMBOLS_PRIVATE_EXTERN = NO;
				GCC_WARN_64_TO_32_BIT_CONVERSION = YES;
				GCC_WARN_ABOUT_RETURN_TYPE = YES_ERROR;
				GCC_WARN_UNDECLARED_SELECTOR = YES;
				GCC_WARN_UNINITIALIZED_AUTOS = YES_AGGRESSIVE;
				GCC_WARN_UNUSED_FUNCTION = YES;
				GCC_WARN_UNUSED_VARIABLE = YES;
				IPHONEOS_DEPLOYMENT_TARGET = 7.1;
				ONLY_ACTIVE_ARCH = YES;
				SDKROOT = iphoneos;
				TARGETED_DEVICE_FAMILY = "1,2";
			};
			name = Debug;
		};
		4F0B040E18E40C7E00FAFD30 /* Release */ = {
			isa = XCBuildConfiguration;
			buildSettings = {
				ALWAYS_SEARCH_USER_PATHS = NO;
				CLANG_CXX_LANGUAGE_STANDARD = "gnu++0x";
				CLANG_CXX_LIBRARY = "libc++";
				CLANG_ENABLE_MODULES = YES;
				CLANG_ENABLE_OBJC_ARC = YES;
				CLANG_WARN_BOOL_CONVERSION = YES;
				CLANG_WARN_CONSTANT_CONVERSION = YES;
				CLANG_WARN_DIRECT_OBJC_ISA_USAGE = YES_ERROR;
				CLANG_WARN_EMPTY_BODY = YES;
				CLANG_WARN_ENUM_CONVERSION = YES;
				CLANG_WARN_INT_CONVERSION = YES;
				CLANG_WARN_OBJC_ROOT_CLASS = YES_ERROR;
				CLANG_WARN__DUPLICATE_METHOD_MATCH = YES;
				"CODE_SIGN_IDENTITY[sdk=iphoneos*]" = "iPhone Developer";
				COPY_PHASE_STRIP = YES;
				ENABLE_NS_ASSERTIONS = NO;
				GCC_C_LANGUAGE_STANDARD = gnu99;
				GCC_WARN_64_TO_32_BIT_CONVERSION = YES;
				GCC_WARN_ABOUT_RETURN_TYPE = YES_ERROR;
				GCC_WARN_UNDECLARED_SELECTOR = YES;
				GCC_WARN_UNINITIALIZED_AUTOS = YES_AGGRESSIVE;
				GCC_WARN_UNUSED_FUNCTION = YES;
				GCC_WARN_UNUSED_VARIABLE = YES;
				IPHONEOS_DEPLOYMENT_TARGET = 7.1;
				SDKROOT = iphoneos;
				TARGETED_DEVICE_FAMILY = "1,2";
				VALIDATE_PRODUCT = YES;
			};
			name = Release;
		};
		4F0B041018E40C7E00FAFD30 /* Debug */ = {
			isa = XCBuildConfiguration;
			buildSettings = {
				ASSETCATALOG_COMPILER_APPICON_NAME = AppIcon;
				ASSETCATALOG_COMPILER_LAUNCHIMAGE_NAME = LaunchImage;
				GCC_PRECOMPILE_PREFIX_HEADER = YES;
				GCC_PREFIX_HEADER = "example/example-Prefix.pch";
				INFOPLIST_FILE = "example/example-Info.plist";
				IPHONEOS_DEPLOYMENT_TARGET = 7.0;
				PRODUCT_NAME = "$(TARGET_NAME)";
				WRAPPER_EXTENSION = app;
			};
			name = Debug;
		};
		4F0B041118E40C7E00FAFD30 /* Release */ = {
			isa = XCBuildConfiguration;
			buildSettings = {
				ASSETCATALOG_COMPILER_APPICON_NAME = AppIcon;
				ASSETCATALOG_COMPILER_LAUNCHIMAGE_NAME = LaunchImage;
				GCC_PRECOMPILE_PREFIX_HEADER = YES;
				GCC_PREFIX_HEADER = "example/example-Prefix.pch";
				INFOPLIST_FILE = "example/example-Info.plist";
				IPHONEOS_DEPLOYMENT_TARGET = 7.0;
				PRODUCT_NAME = "$(TARGET_NAME)";
				WRAPPER_EXTENSION = app;
			};
			name = Release;
		};
		4F0B041318E40C7E00FAFD30 /* Debug */ = {
			isa = XCBuildConfiguration;
			buildSettings = {
				BUNDLE_LOADER = "$(BUILT_PRODUCTS_DIR)/example.app/example";
				FRAMEWORK_SEARCH_PATHS = (
					"$(SDKROOT)/Developer/Library/Frameworks",
					"$(inherited)",
					"$(DEVELOPER_FRAMEWORKS_DIR)",
				);
				GCC_PRECOMPILE_PREFIX_HEADER = YES;
				GCC_PREFIX_HEADER = "example/example-Prefix.pch";
				GCC_PREPROCESSOR_DEFINITIONS = (
					"DEBUG=1",
					"$(inherited)",
				);
				INFOPLIST_FILE = "exampleTests/exampleTests-Info.plist";
				PRODUCT_NAME = "$(TARGET_NAME)";
				TEST_HOST = "$(BUNDLE_LOADER)";
				WRAPPER_EXTENSION = xctest;
			};
			name = Debug;
		};
		4F0B041418E40C7E00FAFD30 /* Release */ = {
			isa = XCBuildConfiguration;
			buildSettings = {
				BUNDLE_LOADER = "$(BUILT_PRODUCTS_DIR)/example.app/example";
				FRAMEWORK_SEARCH_PATHS = (
					"$(SDKROOT)/Developer/Library/Frameworks",
					"$(inherited)",
					"$(DEVELOPER_FRAMEWORKS_DIR)",
				);
				GCC_PRECOMPILE_PREFIX_HEADER = YES;
				GCC_PREFIX_HEADER = "example/example-Prefix.pch";
				INFOPLIST_FILE = "exampleTests/exampleTests-Info.plist";
				PRODUCT_NAME = "$(TARGET_NAME)";
				TEST_HOST = "$(BUNDLE_LOADER)";
				WRAPPER_EXTENSION = xctest;
			};
			name = Release;
		};
/* End XCBuildConfiguration section */

/* Begin XCConfigurationList section */
		4F0B03DE18E40C7E00FAFD30 /* Build configuration list for PBXProject "example" */ = {
			isa = XCConfigurationList;
			buildConfigurations = (
				4F0B040D18E40C7E00FAFD30 /* Debug */,
				4F0B040E18E40C7E00FAFD30 /* Release */,
			);
			defaultConfigurationIsVisible = 0;
			defaultConfigurationName = Release;
		};
		4F0B040F18E40C7E00FAFD30 /* Build configuration list for PBXNativeTarget "example" */ = {
			isa = XCConfigurationList;
			buildConfigurations = (
				4F0B041018E40C7E00FAFD30 /* Debug */,
				4F0B041118E40C7E00FAFD30 /* Release */,
			);
			defaultConfigurationIsVisible = 0;
			defaultConfigurationName = Release;
		};
		4F0B041218E40C7E00FAFD30 /* Build configuration list for PBXNativeTarget "exampleTests" */ = {
			isa = XCConfigurationList;
			buildConfigurations = (
				4F0B041318E40C7E00FAFD30 /* Debug */,
				4F0B041418E40C7E00FAFD30 /* Release */,
			);
			defaultConfigurationIsVisible = 0;
			defaultConfigurationName = Release;
		};
/* End XCConfigurationList section */
	};
	rootObject = 4F0B03DB18E40C7E00FAFD30 /* Project object */;
}
