// !$*UTF8*$!
{
	archiveVersion = 1;
	classes = {
	};
	objectVersion = 46;
	objects = {

/* Begin PBXBuildFile section */
		4F74742118E2835D00FADA12 /* Foundation.framework in Frameworks */ = {isa = PBXBuildFile; fileRef = 4F74742018E2835D00FADA12 /* Foundation.framework */; };
		4F74742318E2835E00FADA12 /* CoreGraphics.framework in Frameworks */ = {isa = PBXBuildFile; fileRef = 4F74742218E2835E00FADA12 /* CoreGraphics.framework */; };
		4F74742518E2835E00FADA12 /* UIKit.framework in Frameworks */ = {isa = PBXBuildFile; fileRef = 4F74742418E2835E00FADA12 /* UIKit.framework */; };
		4F74742B18E2835E00FADA12 /* InfoPlist.strings in Resources */ = {isa = PBXBuildFile; fileRef = 4F74742918E2835E00FADA12 /* InfoPlist.strings */; };
		4F74742D18E2835E00FADA12 /* main.m in Sources */ = {isa = PBXBuildFile; fileRef = 4F74742C18E2835E00FADA12 /* main.m */; };
		4F74743118E2835E00FADA12 /* AppDelegate.m in Sources */ = {isa = PBXBuildFile; fileRef = 4F74743018E2835E00FADA12 /* AppDelegate.m */; };
		4F74743318E2835E00FADA12 /* Images.xcassets in Resources */ = {isa = PBXBuildFile; fileRef = 4F74743218E2835E00FADA12 /* Images.xcassets */; };
		4F74743A18E2835E00FADA12 /* XCTest.framework in Frameworks */ = {isa = PBXBuildFile; fileRef = 4F74743918E2835E00FADA12 /* XCTest.framework */; };
		4F74743B18E2835E00FADA12 /* Foundation.framework in Frameworks */ = {isa = PBXBuildFile; fileRef = 4F74742018E2835D00FADA12 /* Foundation.framework */; };
		4F74743C18E2835E00FADA12 /* UIKit.framework in Frameworks */ = {isa = PBXBuildFile; fileRef = 4F74742418E2835E00FADA12 /* UIKit.framework */; };
		4F74744418E2835E00FADA12 /* InfoPlist.strings in Resources */ = {isa = PBXBuildFile; fileRef = 4F74744218E2835E00FADA12 /* InfoPlist.strings */; };
		4F74744618E2835E00FADA12 /* QSBKTests.m in Sources */ = {isa = PBXBuildFile; fileRef = 4F74744518E2835E00FADA12 /* QSBKTests.m */; };
		4F74745118E2838D00FADA12 /* Comment.m in Sources */ = {isa = PBXBuildFile; fileRef = 4F74745018E2838D00FADA12 /* Comment.m */; };
/* End PBXBuildFile section */

/* Begin PBXContainerItemProxy section */
		4F74743D18E2835E00FADA12 /* PBXContainerItemProxy */ = {
			isa = PBXContainerItemProxy;
			containerPortal = 4F74741518E2835D00FADA12 /* Project object */;
			proxyType = 1;
			remoteGlobalIDString = 4F74741C18E2835D00FADA12;
			remoteInfo = QSBK;
		};
/* End PBXContainerItemProxy section */

/* Begin PBXFileReference section */
		4F74741D18E2835D00FADA12 /* QSBK.app */ = {isa = PBXFileReference; explicitFileType = wrapper.application; includeInIndex = 0; path = QSBK.app; sourceTree = BUILT_PRODUCTS_DIR; };
		4F74742018E2835D00FADA12 /* Foundation.framework */ = {isa = PBXFileReference; lastKnownFileType = wrapper.framework; name = Foundation.framework; path = System/Library/Frameworks/Foundation.framework; sourceTree = SDKROOT; };
		4F74742218E2835E00FADA12 /* CoreGraphics.framework */ = {isa = PBXFileReference; lastKnownFileType = wrapper.framework; name = CoreGraphics.framework; path = System/Library/Frameworks/CoreGraphics.framework; sourceTree = SDKROOT; };
		4F74742418E2835E00FADA12 /* UIKit.framework */ = {isa = PBXFileReference; lastKnownFileType = wrapper.framework; name = UIKit.framework; path = System/Library/Frameworks/UIKit.framework; sourceTree = SDKROOT; };
		4F74742818E2835E00FADA12 /* QSBK-Info.plist */ = {isa = PBXFileReference; lastKnownFileType = text.plist.xml; path = "QSBK-Info.plist"; sourceTree = "<group>"; };
		4F74742A18E2835E00FADA12 /* en */ = {isa = PBXFileReference; lastKnownFileType = text.plist.strings; name = en; path = en.lproj/InfoPlist.strings; sourceTree = "<group>"; };
		4F74742C18E2835E00FADA12 /* main.m */ = {isa = PBXFileReference; lastKnownFileType = sourcecode.c.objc; path = main.m; sourceTree = "<group>"; };
		4F74742E18E2835E00FADA12 /* QSBK-Prefix.pch */ = {isa = PBXFileReference; lastKnownFileType = sourcecode.c.h; path = "QSBK-Prefix.pch"; sourceTree = "<group>"; };
		4F74742F18E2835E00FADA12 /* AppDelegate.h */ = {isa = PBXFileReference; lastKnownFileType = sourcecode.c.h; path = AppDelegate.h; sourceTree = "<group>"; };
		4F74743018E2835E00FADA12 /* AppDelegate.m */ = {isa = PBXFileReference; lastKnownFileType = sourcecode.c.objc; path = AppDelegate.m; sourceTree = "<group>"; };
		4F74743218E2835E00FADA12 /* Images.xcassets */ = {isa = PBXFileReference; lastKnownFileType = folder.assetcatalog; path = Images.xcassets; sourceTree = "<group>"; };
		4F74743818E2835E00FADA12 /* QSBKTests.xctest */ = {isa = PBXFileReference; explicitFileType = wrapper.cfbundle; includeInIndex = 0; path = QSBKTests.xctest; sourceTree = BUILT_PRODUCTS_DIR; };
		4F74743918E2835E00FADA12 /* XCTest.framework */ = {isa = PBXFileReference; lastKnownFileType = wrapper.framework; name = XCTest.framework; path = Library/Frameworks/XCTest.framework; sourceTree = DEVELOPER_DIR; };
		4F74744118E2835E00FADA12 /* QSBKTests-Info.plist */ = {isa = PBXFileReference; lastKnownFileType = text.plist.xml; path = "QSBKTests-Info.plist"; sourceTree = "<group>"; };
		4F74744318E2835E00FADA12 /* en */ = {isa = PBXFileReference; lastKnownFileType = text.plist.strings; name = en; path = en.lproj/InfoPlist.strings; sourceTree = "<group>"; };
		4F74744518E2835E00FADA12 /* QSBKTests.m */ = {isa = PBXFileReference; lastKnownFileType = sourcecode.c.objc; path = QSBKTests.m; sourceTree = "<group>"; };
		4F74744F18E2838D00FADA12 /* Comment.h */ = {isa = PBXFileReference; fileEncoding = 4; lastKnownFileType = sourcecode.c.h; name = Comment.h; path = Model/Comment.h; sourceTree = "<group>"; };
		4F74745018E2838D00FADA12 /* Comment.m */ = {isa = PBXFileReference; fileEncoding = 4; lastKnownFileType = sourcecode.c.objc; name = Comment.m; path = Model/Comment.m; sourceTree = "<group>"; };
/* End PBXFileReference section */

/* Begin PBXFrameworksBuildPhase section */
		4F74741A18E2835D00FADA12 /* Frameworks */ = {
			isa = PBXFrameworksBuildPhase;
			buildActionMask = 2147483647;
			files = (
				4F74742318E2835E00FADA12 /* CoreGraphics.framework in Frameworks */,
				4F74742518E2835E00FADA12 /* UIKit.framework in Frameworks */,
				4F74742118E2835D00FADA12 /* Foundation.framework in Frameworks */,
			);
			runOnlyForDeploymentPostprocessing = 0;
		};
		4F74743518E2835E00FADA12 /* Frameworks */ = {
			isa = PBXFrameworksBuildPhase;
			buildActionMask = 2147483647;
			files = (
				4F74743A18E2835E00FADA12 /* XCTest.framework in Frameworks */,
				4F74743C18E2835E00FADA12 /* UIKit.framework in Frameworks */,
				4F74743B18E2835E00FADA12 /* Foundation.framework in Frameworks */,
			);
			runOnlyForDeploymentPostprocessing = 0;
		};
/* End PBXFrameworksBuildPhase section */

/* Begin PBXGroup section */
		4F74741418E2835D00FADA12 = {
			isa = PBXGroup;
			children = (
				4F74742618E2835E00FADA12 /* QSBK */,
				4F74743F18E2835E00FADA12 /* QSBKTests */,
				4F74741F18E2835D00FADA12 /* Frameworks */,
				4F74741E18E2835D00FADA12 /* Products */,
			);
			sourceTree = "<group>";
		};
		4F74741E18E2835D00FADA12 /* Products */ = {
			isa = PBXGroup;
			children = (
				4F74741D18E2835D00FADA12 /* QSBK.app */,
				4F74743818E2835E00FADA12 /* QSBKTests.xctest */,
			);
			name = Products;
			sourceTree = "<group>";
		};
		4F74741F18E2835D00FADA12 /* Frameworks */ = {
			isa = PBXGroup;
			children = (
				4F74742018E2835D00FADA12 /* Foundation.framework */,
				4F74742218E2835E00FADA12 /* CoreGraphics.framework */,
				4F74742418E2835E00FADA12 /* UIKit.framework */,
				4F74743918E2835E00FADA12 /* XCTest.framework */,
			);
			name = Frameworks;
			sourceTree = "<group>";
		};
		4F74742618E2835E00FADA12 /* QSBK */ = {
			isa = PBXGroup;
			children = (
				4F74742F18E2835E00FADA12 /* AppDelegate.h */,
				4F74743018E2835E00FADA12 /* AppDelegate.m */,
				4F74744F18E2838D00FADA12 /* Comment.h */,
				4F74745018E2838D00FADA12 /* Comment.m */,
				4F74743218E2835E00FADA12 /* Images.xcassets */,
				4F74742718E2835E00FADA12 /* Supporting Files */,
			);
			path = QSBK;
			sourceTree = "<group>";
		};
		4F74742718E2835E00FADA12 /* Supporting Files */ = {
			isa = PBXGroup;
			children = (
				4F74742818E2835E00FADA12 /* QSBK-Info.plist */,
				4F74742918E2835E00FADA12 /* InfoPlist.strings */,
				4F74742C18E2835E00FADA12 /* main.m */,
				4F74742E18E2835E00FADA12 /* QSBK-Prefix.pch */,
			);
			name = "Supporting Files";
			sourceTree = "<group>";
		};
		4F74743F18E2835E00FADA12 /* QSBKTests */ = {
			isa = PBXGroup;
			children = (
				4F74744518E2835E00FADA12 /* QSBKTests.m */,
				4F74744018E2835E00FADA12 /* Supporting Files */,
			);
			path = QSBKTests;
			sourceTree = "<group>";
		};
		4F74744018E2835E00FADA12 /* Supporting Files */ = {
			isa = PBXGroup;
			children = (
				4F74744118E2835E00FADA12 /* QSBKTests-Info.plist */,
				4F74744218E2835E00FADA12 /* InfoPlist.strings */,
			);
			name = "Supporting Files";
			sourceTree = "<group>";
		};
/* End PBXGroup section */

/* Begin PBXNativeTarget section */
		4F74741C18E2835D00FADA12 /* QSBK */ = {
			isa = PBXNativeTarget;
			buildConfigurationList = 4F74744918E2835E00FADA12 /* Build configuration list for PBXNativeTarget "QSBK" */;
			buildPhases = (
				4F74741918E2835D00FADA12 /* Sources */,
				4F74741A18E2835D00FADA12 /* Frameworks */,
				4F74741B18E2835D00FADA12 /* Resources */,
			);
			buildRules = (
			);
			dependencies = (
			);
			name = QSBK;
			productName = QSBK;
			productReference = 4F74741D18E2835D00FADA12 /* QSBK.app */;
			productType = "com.apple.product-type.application";
		};
		4F74743718E2835E00FADA12 /* QSBKTests */ = {
			isa = PBXNativeTarget;
			buildConfigurationList = 4F74744C18E2835E00FADA12 /* Build configuration list for PBXNativeTarget "QSBKTests" */;
			buildPhases = (
				4F74743418E2835E00FADA12 /* Sources */,
				4F74743518E2835E00FADA12 /* Frameworks */,
				4F74743618E2835E00FADA12 /* Resources */,
			);
			buildRules = (
			);
			dependencies = (
				4F74743E18E2835E00FADA12 /* PBXTargetDependency */,
			);
			name = QSBKTests;
			productName = QSBKTests;
			productReference = 4F74743818E2835E00FADA12 /* QSBKTests.xctest */;
			productType = "com.apple.product-type.bundle.unit-test";
		};
/* End PBXNativeTarget section */

/* Begin PBXProject section */
		4F74741518E2835D00FADA12 /* Project object */ = {
			isa = PBXProject;
			attributes = {
				LastUpgradeCheck = 0510;
				ORGANIZATIONNAME = "翟涛";
				TargetAttributes = {
					4F74743718E2835E00FADA12 = {
						TestTargetID = 4F74741C18E2835D00FADA12;
					};
				};
			};
			buildConfigurationList = 4F74741818E2835D00FADA12 /* Build configuration list for PBXProject "QSBK" */;
			compatibilityVersion = "Xcode 3.2";
			developmentRegion = English;
			hasScannedForEncodings = 0;
			knownRegions = (
				en,
			);
			mainGroup = 4F74741418E2835D00FADA12;
			productRefGroup = 4F74741E18E2835D00FADA12 /* Products */;
			projectDirPath = "";
			projectRoot = "";
			targets = (
				4F74741C18E2835D00FADA12 /* QSBK */,
				4F74743718E2835E00FADA12 /* QSBKTests */,
			);
		};
/* End PBXProject section */

/* Begin PBXResourcesBuildPhase section */
		4F74741B18E2835D00FADA12 /* Resources */ = {
			isa = PBXResourcesBuildPhase;
			buildActionMask = 2147483647;
			files = (
				4F74742B18E2835E00FADA12 /* InfoPlist.strings in Resources */,
				4F74743318E2835E00FADA12 /* Images.xcassets in Resources */,
			);
			runOnlyForDeploymentPostprocessing = 0;
		};
		4F74743618E2835E00FADA12 /* Resources */ = {
			isa = PBXResourcesBuildPhase;
			buildActionMask = 2147483647;
			files = (
				4F74744418E2835E00FADA12 /* InfoPlist.strings in Resources */,
			);
			runOnlyForDeploymentPostprocessing = 0;
		};
/* End PBXResourcesBuildPhase section */

/* Begin PBXSourcesBuildPhase section */
		4F74741918E2835D00FADA12 /* Sources */ = {
			isa = PBXSourcesBuildPhase;
			buildActionMask = 2147483647;
			files = (
				4F74743118E2835E00FADA12 /* AppDelegate.m in Sources */,
				4F74745118E2838D00FADA12 /* Comment.m in Sources */,
				4F74742D18E2835E00FADA12 /* main.m in Sources */,
			);
			runOnlyForDeploymentPostprocessing = 0;
		};
		4F74743418E2835E00FADA12 /* Sources */ = {
			isa = PBXSourcesBuildPhase;
			buildActionMask = 2147483647;
			files = (
				4F74744618E2835E00FADA12 /* QSBKTests.m in Sources */,
			);
			runOnlyForDeploymentPostprocessing = 0;
		};
/* End PBXSourcesBuildPhase section */

/* Begin PBXTargetDependency section */
		4F74743E18E2835E00FADA12 /* PBXTargetDependency */ = {
			isa = PBXTargetDependency;
			target = 4F74741C18E2835D00FADA12 /* QSBK */;
			targetProxy = 4F74743D18E2835E00FADA12 /* PBXContainerItemProxy */;
		};
/* End PBXTargetDependency section */

/* Begin PBXVariantGroup section */
		4F74742918E2835E00FADA12 /* InfoPlist.strings */ = {
			isa = PBXVariantGroup;
			children = (
				4F74742A18E2835E00FADA12 /* en */,
			);
			name = InfoPlist.strings;
			sourceTree = "<group>";
		};
		4F74744218E2835E00FADA12 /* InfoPlist.strings */ = {
			isa = PBXVariantGroup;
			children = (
				4F74744318E2835E00FADA12 /* en */,
			);
			name = InfoPlist.strings;
			sourceTree = "<group>";
		};
/* End PBXVariantGroup section */

/* Begin XCBuildConfiguration section */
		4F74744718E2835E00FADA12 /* Debug */ = {
			isa = XCBuildConfiguration;
			buildSettings = {
				ALWAYS_SEARCH_USER_PATHS = NO;
				CLANG_CXX_LANGUAGE_STANDARD = "gnu++0x";
				CLANG_CXX_LIBRARY = "libc++";
				CLANG_ENABLE_MODULES = YES;
				CLANG_ENABLE_OBJC_ARC = YES;
				CLANG_WARN_BOOL_CONVERSION = YES;
				CLANG_WARN_CONSTANT_CONVERSION = YES;
				CLANG_WARN_DIRECT_OBJC_ISA_USAGE = YES_ERROR;
				CLANG_WARN_EMPTY_BODY = YES;
				CLANG_WARN_ENUM_CONVERSION = YES;
				CLANG_WARN_INT_CONVERSION = YES;
				CLANG_WARN_OBJC_ROOT_CLASS = YES_ERROR;
				CLANG_WARN__DUPLICATE_METHOD_MATCH = YES;
				"CODE_SIGN_IDENTITY[sdk=iphoneos*]" = "iPhone Developer";
				COPY_PHASE_STRIP = NO;
				GCC_C_LANGUAGE_STANDARD = gnu99;
				GCC_DYNAMIC_NO_PIC = NO;
				GCC_OPTIMIZATION_LEVEL = 0;
				GCC_PREPROCESSOR_DEFINITIONS = (
					"DEBUG=1",
					"$(inherited)",
				);
				GCC_SYMBOLS_PRIVATE_EXTERN = NO;
				GCC_WARN_64_TO_32_BIT_CONVERSION = YES;
				GCC_WARN_ABOUT_RETURN_TYPE = YES_ERROR;
				GCC_WARN_UNDECLARED_SELECTOR = YES;
				GCC_WARN_UNINITIALIZED_AUTOS = YES_AGGRESSIVE;
				GCC_WARN_UNUSED_FUNCTION = YES;
				GCC_WARN_UNUSED_VARIABLE = YES;
				IPHONEOS_DEPLOYMENT_TARGET = 7.1;
				ONLY_ACTIVE_ARCH = YES;
				SDKROOT = iphoneos;
				TARGETED_DEVICE_FAMILY = "1,2";
			};
			name = Debug;
		};
		4F74744818E2835E00FADA12 /* Release */ = {
			isa = XCBuildConfiguration;
			buildSettings = {
				ALWAYS_SEARCH_USER_PATHS = NO;
				CLANG_CXX_LANGUAGE_STANDARD = "gnu++0x";
				CLANG_CXX_LIBRARY = "libc++";
				CLANG_ENABLE_MODULES = YES;
				CLANG_ENABLE_OBJC_ARC = YES;
				CLANG_WARN_BOOL_CONVERSION = YES;
				CLANG_WARN_CONSTANT_CONVERSION = YES;
				CLANG_WARN_DIRECT_OBJC_ISA_USAGE = YES_ERROR;
				CLANG_WARN_EMPTY_BODY = YES;
				CLANG_WARN_ENUM_CONVERSION = YES;
				CLANG_WARN_INT_CONVERSION = YES;
				CLANG_WARN_OBJC_ROOT_CLASS = YES_ERROR;
				CLANG_WARN__DUPLICATE_METHOD_MATCH = YES;
				"CODE_SIGN_IDENTITY[sdk=iphoneos*]" = "iPhone Developer";
				COPY_PHASE_STRIP = YES;
				ENABLE_NS_ASSERTIONS = NO;
				GCC_C_LANGUAGE_STANDARD = gnu99;
				GCC_WARN_64_TO_32_BIT_CONVERSION = YES;
				GCC_WARN_ABOUT_RETURN_TYPE = YES_ERROR;
				GCC_WARN_UNDECLARED_SELECTOR = YES;
				GCC_WARN_UNINITIALIZED_AUTOS = YES_AGGRESSIVE;
				GCC_WARN_UNUSED_FUNCTION = YES;
				GCC_WARN_UNUSED_VARIABLE = YES;
				IPHONEOS_DEPLOYMENT_TARGET = 7.1;
				SDKROOT = iphoneos;
				TARGETED_DEVICE_FAMILY = "1,2";
				VALIDATE_PRODUCT = YES;
			};
			name = Release;
		};
		4F74744A18E2835E00FADA12 /* Debug */ = {
			isa = XCBuildConfiguration;
			buildSettings = {
				ASSETCATALOG_COMPILER_APPICON_NAME = AppIcon;
				ASSETCATALOG_COMPILER_LAUNCHIMAGE_NAME = LaunchImage;
				GCC_PRECOMPILE_PREFIX_HEADER = YES;
				GCC_PREFIX_HEADER = "QSBK/QSBK-Prefix.pch";
				INFOPLIST_FILE = "QSBK/QSBK-Info.plist";
				IPHONEOS_DEPLOYMENT_TARGET = 7.0;
				PRODUCT_NAME = "$(TARGET_NAME)";
				WRAPPER_EXTENSION = app;
			};
			name = Debug;
		};
		4F74744B18E2835E00FADA12 /* Release */ = {
			isa = XCBuildConfiguration;
			buildSettings = {
				ASSETCATALOG_COMPILER_APPICON_NAME = AppIcon;
				ASSETCATALOG_COMPILER_LAUNCHIMAGE_NAME = LaunchImage;
				GCC_PRECOMPILE_PREFIX_HEADER = YES;
				GCC_PREFIX_HEADER = "QSBK/QSBK-Prefix.pch";
				INFOPLIST_FILE = "QSBK/QSBK-Info.plist";
				IPHONEOS_DEPLOYMENT_TARGET = 7.0;
				PRODUCT_NAME = "$(TARGET_NAME)";
				WRAPPER_EXTENSION = app;
			};
			name = Release;
		};
		4F74744D18E2835E00FADA12 /* Debug */ = {
			isa = XCBuildConfiguration;
			buildSettings = {
				BUNDLE_LOADER = "$(BUILT_PRODUCTS_DIR)/QSBK.app/QSBK";
				FRAMEWORK_SEARCH_PATHS = (
					"$(SDKROOT)/Developer/Library/Frameworks",
					"$(inherited)",
					"$(DEVELOPER_FRAMEWORKS_DIR)",
				);
				GCC_PRECOMPILE_PREFIX_HEADER = YES;
				GCC_PREFIX_HEADER = "QSBK/QSBK-Prefix.pch";
				GCC_PREPROCESSOR_DEFINITIONS = (
					"DEBUG=1",
					"$(inherited)",
				);
				INFOPLIST_FILE = "QSBKTests/QSBKTests-Info.plist";
				PRODUCT_NAME = "$(TARGET_NAME)";
				TEST_HOST = "$(BUNDLE_LOADER)";
				WRAPPER_EXTENSION = xctest;
			};
			name = Debug;
		};
		4F74744E18E2835E00FADA12 /* Release */ = {
			isa = XCBuildConfiguration;
			buildSettings = {
				BUNDLE_LOADER = "$(BUILT_PRODUCTS_DIR)/QSBK.app/QSBK";
				FRAMEWORK_SEARCH_PATHS = (
					"$(SDKROOT)/Developer/Library/Frameworks",
					"$(inherited)",
					"$(DEVELOPER_FRAMEWORKS_DIR)",
				);
				GCC_PRECOMPILE_PREFIX_HEADER = YES;
				GCC_PREFIX_HEADER = "QSBK/QSBK-Prefix.pch";
				INFOPLIST_FILE = "QSBKTests/QSBKTests-Info.plist";
				PRODUCT_NAME = "$(TARGET_NAME)";
				TEST_HOST = "$(BUNDLE_LOADER)";
				WRAPPER_EXTENSION = xctest;
			};
			name = Release;
		};
/* End XCBuildConfiguration section */

/* Begin XCConfigurationList section */
		4F74741818E2835D00FADA12 /* Build configuration list for PBXProject "QSBK" */ = {
			isa = XCConfigurationList;
			buildConfigurations = (
				4F74744718E2835E00FADA12 /* Debug */,
				4F74744818E2835E00FADA12 /* Release */,
			);
			defaultConfigurationIsVisible = 0;
			defaultConfigurationName = Release;
		};
		4F74744918E2835E00FADA12 /* Build configuration list for PBXNativeTarget "QSBK" */ = {
			isa = XCConfigurationList;
			buildConfigurations = (
				4F74744A18E2835E00FADA12 /* Debug */,
				4F74744B18E2835E00FADA12 /* Release */,
			);
			defaultConfigurationIsVisible = 0;
		};
		4F74744C18E2835E00FADA12 /* Build configuration list for PBXNativeTarget "QSBKTests" */ = {
			isa = XCConfigurationList;
			buildConfigurations = (
				4F74744D18E2835E00FADA12 /* Debug */,
				4F74744E18E2835E00FADA12 /* Release */,
			);
			defaultConfigurationIsVisible = 0;
		};
/* End XCConfigurationList section */
	};
	rootObject = 4F74741518E2835D00FADA12 /* Project object */;
}
